// !$*UTF8*$!
{
	archiveVersion = 1;
	classes = {
	};
	objectVersion = 46;
	objects = {

/* Begin PBXBuildFile section */
		3679425F1F9715A600B4AD91 /* UserProfileTableViewCell.swift in Sources */ = {isa = PBXBuildFile; fileRef = 3679425D1F9715A600B4AD91 /* UserProfileTableViewCell.swift */; };
		367942601F9715A600B4AD91 /* UserProfileTableViewCell.xib in Resources */ = {isa = PBXBuildFile; fileRef = 3679425E1F9715A600B4AD91 /* UserProfileTableViewCell.xib */; };
		36AA4CCC1F9702BF0037ED7E /* UserProfileViewController.swift in Sources */ = {isa = PBXBuildFile; fileRef = 36AA4CCA1F9702BF0037ED7E /* UserProfileViewController.swift */; };
		36AA4CCD1F9702BF0037ED7E /* UserProfileViewController.xib in Resources */ = {isa = PBXBuildFile; fileRef = 36AA4CCB1F9702BF0037ED7E /* UserProfileViewController.xib */; };
		54112AD91F90011000474045 /* Starscream.framework in Frameworks */ = {isa = PBXBuildFile; fileRef = 54112AD81F90010400474045 /* Starscream.framework */; };
		54112ADA1F90011000474045 /* Starscream.framework in Embed Frameworks */ = {isa = PBXBuildFile; fileRef = 54112AD81F90010400474045 /* Starscream.framework */; settings = {ATTRIBUTES = (CodeSignOnCopy, RemoveHeadersOnCopy, ); }; };
		541141711F72590C00CAF4CD /* credentials.json in Resources */ = {isa = PBXBuildFile; fileRef = 541141701F72590C00CAF4CD /* credentials.json */; };
		541141751F725F3A00CAF4CD /* Constants.swift in Sources */ = {isa = PBXBuildFile; fileRef = 541141741F725F3A00CAF4CD /* Constants.swift */; };
		541141771F72638500CAF4CD /* LOGS3.swift in Sources */ = {isa = PBXBuildFile; fileRef = 541141761F72638500CAF4CD /* LOGS3.swift */; };
		541141791F72FA9C00CAF4CD /* LOGFileManager.swift in Sources */ = {isa = PBXBuildFile; fileRef = 541141781F72FA9C00CAF4CD /* LOGFileManager.swift */; };
		5416366A1F9E989B00CF4B2A /* DateConverter.swift in Sources */ = {isa = PBXBuildFile; fileRef = 541636691F9E989B00CF4B2A /* DateConverter.swift */; };
		542364CF1F6CE0B700C47CB5 /* LogTests.swift in Sources */ = {isa = PBXBuildFile; fileRef = 542364CE1F6CE0B700C47CB5 /* LogTests.swift */; };
		542364D71F6CE0FC00C47CB5 /* SignInController.swift in Sources */ = {isa = PBXBuildFile; fileRef = 542364D61F6CE0FC00C47CB5 /* SignInController.swift */; };
		542364D81F6CE13200C47CB5 /* Alamofire.framework in Frameworks */ = {isa = PBXBuildFile; fileRef = 54EEB1201F57770700AA548B /* Alamofire.framework */; };
		542364DA1F6CE13200C47CB5 /* Lottie.framework in Frameworks */ = {isa = PBXBuildFile; fileRef = 54EEB1241F57770E00AA548B /* Lottie.framework */; };
		542364DB1F6CE13200C47CB5 /* RSKImageCropper.framework in Frameworks */ = {isa = PBXBuildFile; fileRef = 54A27A241F6A02BA00DC0ACA /* RSKImageCropper.framework */; };
		542364DD1F6CE1BD00C47CB5 /* SampleUnitTest.swift in Sources */ = {isa = PBXBuildFile; fileRef = 542364DC1F6CE1BD00C47CB5 /* SampleUnitTest.swift */; };
		542364DF1F6DB82E00C47CB5 /* HomeController.swift in Sources */ = {isa = PBXBuildFile; fileRef = 542364DE1F6DB82E00C47CB5 /* HomeController.swift */; };
		542364E11F6DFA2700C47CB5 /* LOGUserDefaults.swift in Sources */ = {isa = PBXBuildFile; fileRef = 542364E01F6DFA2700C47CB5 /* LOGUserDefaults.swift */; };
		542364E31F6E755400C47CB5 /* MessageController.swift in Sources */ = {isa = PBXBuildFile; fileRef = 542364E21F6E755400C47CB5 /* MessageController.swift */; };
		542364E91F70549F00C47CB5 /* ConvertImage.swift in Sources */ = {isa = PBXBuildFile; fileRef = 542364E81F70549F00C47CB5 /* ConvertImage.swift */; };
		543D24191F51183C00ACDC9D /* MessageStack.swift in Sources */ = {isa = PBXBuildFile; fileRef = 543D24181F51183C00ACDC9D /* MessageStack.swift */; };
		544EE7621F4EA01F00CD3380 /* HomeViewController.swift in Sources */ = {isa = PBXBuildFile; fileRef = 544EE7611F4EA01F00CD3380 /* HomeViewController.swift */; };
		5454F36B1F4A5844002D9AB5 /* AppDelegate.swift in Sources */ = {isa = PBXBuildFile; fileRef = 5454F36A1F4A5844002D9AB5 /* AppDelegate.swift */; };
		5454F36D1F4A5844002D9AB5 /* MessageViewController.swift in Sources */ = {isa = PBXBuildFile; fileRef = 5454F36C1F4A5844002D9AB5 /* MessageViewController.swift */; };
		5454F3701F4A5844002D9AB5 /* Main.storyboard in Resources */ = {isa = PBXBuildFile; fileRef = 5454F36E1F4A5844002D9AB5 /* Main.storyboard */; };
		5454F3721F4A5844002D9AB5 /* Assets.xcassets in Resources */ = {isa = PBXBuildFile; fileRef = 5454F3711F4A5844002D9AB5 /* Assets.xcassets */; };
		5454F3751F4A5844002D9AB5 /* LaunchScreen.storyboard in Resources */ = {isa = PBXBuildFile; fileRef = 5454F3731F4A5844002D9AB5 /* LaunchScreen.storyboard */; };
		5454F3811F4A5F7C002D9AB5 /* LOGUser.swift in Sources */ = {isa = PBXBuildFile; fileRef = 5454F3801F4A5F7C002D9AB5 /* LOGUser.swift */; };
		5454F3831F4ABB4D002D9AB5 /* Message.swift in Sources */ = {isa = PBXBuildFile; fileRef = 5454F3821F4ABB4D002D9AB5 /* Message.swift */; };
		5454F3851F4B6679002D9AB5 /* MessageDataExample.swift in Sources */ = {isa = PBXBuildFile; fileRef = 5454F3841F4B6679002D9AB5 /* MessageDataExample.swift */; };
		545AE9381F7D0AF700482107 /* .swiftlint.yml in Resources */ = {isa = PBXBuildFile; fileRef = 545AE9371F7D0AF700482107 /* .swiftlint.yml */; };
		5480F5ED1F953A4600453E03 /* CryptoSwift.framework in Frameworks */ = {isa = PBXBuildFile; fileRef = 5480F5EC1F953A3A00453E03 /* CryptoSwift.framework */; };
		5480F5EE1F953A4600453E03 /* CryptoSwift.framework in Embed Frameworks */ = {isa = PBXBuildFile; fileRef = 5480F5EC1F953A3A00453E03 /* CryptoSwift.framework */; settings = {ATTRIBUTES = (CodeSignOnCopy, RemoveHeadersOnCopy, ); }; };
		548A8E131F4C161900DD56C0 /* AppState.xcdatamodeld in Sources */ = {isa = PBXBuildFile; fileRef = 548A8E111F4C161900DD56C0 /* AppState.xcdatamodeld */; };
		548A8E151F4C9A8300DD56C0 /* SignInViewController.swift in Sources */ = {isa = PBXBuildFile; fileRef = 548A8E141F4C9A8300DD56C0 /* SignInViewController.swift */; };
		548A8E1B1F4CFAE400DD56C0 /* CoreDataController.swift in Sources */ = {isa = PBXBuildFile; fileRef = 548A8E1A1F4CFAE400DD56C0 /* CoreDataController.swift */; };
		54A05D7A1F4D74C4005B091F /* User+CoreDataClass.swift in Sources */ = {isa = PBXBuildFile; fileRef = 54A05D781F4D74C4005B091F /* User+CoreDataClass.swift */; };
		54A05D7B1F4D74C4005B091F /* User+CoreDataProperties.swift in Sources */ = {isa = PBXBuildFile; fileRef = 54A05D791F4D74C4005B091F /* User+CoreDataProperties.swift */; };
		54A27A221F69E1E800DC0ACA /* ImagePicker.framework in Frameworks */ = {isa = PBXBuildFile; fileRef = 54A27A211F69E1E800DC0ACA /* ImagePicker.framework */; };
		54A27A231F69E1E800DC0ACA /* ImagePicker.framework in Embed Frameworks */ = {isa = PBXBuildFile; fileRef = 54A27A211F69E1E800DC0ACA /* ImagePicker.framework */; settings = {ATTRIBUTES = (CodeSignOnCopy, RemoveHeadersOnCopy, ); }; };
		54A27A251F6A02BA00DC0ACA /* RSKImageCropper.framework in Frameworks */ = {isa = PBXBuildFile; fileRef = 54A27A241F6A02BA00DC0ACA /* RSKImageCropper.framework */; };
		54A27A261F6A02BA00DC0ACA /* RSKImageCropper.framework in Embed Frameworks */ = {isa = PBXBuildFile; fileRef = 54A27A241F6A02BA00DC0ACA /* RSKImageCropper.framework */; settings = {ATTRIBUTES = (CodeSignOnCopy, RemoveHeadersOnCopy, ); }; };
		54B917841F71E11100D39504 /* AWSS3.framework in Frameworks */ = {isa = PBXBuildFile; fileRef = 54B917831F71E11000D39504 /* AWSS3.framework */; };
		54B917851F71E11100D39504 /* AWSS3.framework in Embed Frameworks */ = {isa = PBXBuildFile; fileRef = 54B917831F71E11000D39504 /* AWSS3.framework */; settings = {ATTRIBUTES = (CodeSignOnCopy, RemoveHeadersOnCopy, ); }; };
		54B917871F71E35E00D39504 /* AWSConfig.swift in Sources */ = {isa = PBXBuildFile; fileRef = 54B917861F71E35E00D39504 /* AWSConfig.swift */; };
		54B917891F71E5E100D39504 /* AWSCore.framework in Frameworks */ = {isa = PBXBuildFile; fileRef = 54B917881F71E5E100D39504 /* AWSCore.framework */; };
		54B9178A1F71E5E100D39504 /* AWSCore.framework in Embed Frameworks */ = {isa = PBXBuildFile; fileRef = 54B917881F71E5E100D39504 /* AWSCore.framework */; settings = {ATTRIBUTES = (CodeSignOnCopy, RemoveHeadersOnCopy, ); }; };
		54DFFDC61F8F4D4E009F31B3 /* SocketIO.framework in Frameworks */ = {isa = PBXBuildFile; fileRef = 54DFFDC51F8F4D3F009F31B3 /* SocketIO.framework */; };
		54DFFDC71F8F4D4E009F31B3 /* SocketIO.framework in Embed Frameworks */ = {isa = PBXBuildFile; fileRef = 54DFFDC51F8F4D3F009F31B3 /* SocketIO.framework */; settings = {ATTRIBUTES = (CodeSignOnCopy, RemoveHeadersOnCopy, ); }; };
		54DFFDC91F8F4EEE009F31B3 /* SocketIOManager.swift in Sources */ = {isa = PBXBuildFile; fileRef = 54DFFDC81F8F4EEE009F31B3 /* SocketIOManager.swift */; };
		54EEB1211F57770700AA548B /* Alamofire.framework in Frameworks */ = {isa = PBXBuildFile; fileRef = 54EEB1201F57770700AA548B /* Alamofire.framework */; };
		54EEB1221F57770700AA548B /* Alamofire.framework in Embed Frameworks */ = {isa = PBXBuildFile; fileRef = 54EEB1201F57770700AA548B /* Alamofire.framework */; settings = {ATTRIBUTES = (CodeSignOnCopy, RemoveHeadersOnCopy, ); }; };
		54EEB1251F57770E00AA548B /* Lottie.framework in Frameworks */ = {isa = PBXBuildFile; fileRef = 54EEB1241F57770E00AA548B /* Lottie.framework */; };
		54EEB1261F57770E00AA548B /* Lottie.framework in Embed Frameworks */ = {isa = PBXBuildFile; fileRef = 54EEB1241F57770E00AA548B /* Lottie.framework */; settings = {ATTRIBUTES = (CodeSignOnCopy, RemoveHeadersOnCopy, ); }; };
		54EEB1281F577E2B00AA548B /* LOGHTTP.swift in Sources */ = {isa = PBXBuildFile; fileRef = 54EEB1271F577E2B00AA548B /* LOGHTTP.swift */; };
/* End PBXBuildFile section */

/* Begin PBXContainerItemProxy section */
		542364D11F6CE0B700C47CB5 /* PBXContainerItemProxy */ = {
			isa = PBXContainerItemProxy;
			containerPortal = 5454F35F1F4A5843002D9AB5 /* Project object */;
			proxyType = 1;
			remoteGlobalIDString = 5454F3661F4A5843002D9AB5;
			remoteInfo = Log;
		};
/* End PBXContainerItemProxy section */

/* Begin PBXCopyFilesBuildPhase section */
		54EEB1231F57770700AA548B /* Embed Frameworks */ = {
			isa = PBXCopyFilesBuildPhase;
			buildActionMask = 2147483647;
			dstPath = "";
			dstSubfolderSpec = 10;
			files = (
				54EEB1221F57770700AA548B /* Alamofire.framework in Embed Frameworks */,
				54A27A231F69E1E800DC0ACA /* ImagePicker.framework in Embed Frameworks */,
				54DFFDC71F8F4D4E009F31B3 /* SocketIO.framework in Embed Frameworks */,
				5480F5EE1F953A4600453E03 /* CryptoSwift.framework in Embed Frameworks */,
				54EEB1261F57770E00AA548B /* Lottie.framework in Embed Frameworks */,
				54A27A261F6A02BA00DC0ACA /* RSKImageCropper.framework in Embed Frameworks */,
				54112ADA1F90011000474045 /* Starscream.framework in Embed Frameworks */,
				54B917851F71E11100D39504 /* AWSS3.framework in Embed Frameworks */,
				54B9178A1F71E5E100D39504 /* AWSCore.framework in Embed Frameworks */,
			);
			name = "Embed Frameworks";
			runOnlyForDeploymentPostprocessing = 0;
		};
/* End PBXCopyFilesBuildPhase section */

/* Begin PBXFileReference section */
		3679425D1F9715A600B4AD91 /* UserProfileTableViewCell.swift */ = {isa = PBXFileReference; lastKnownFileType = sourcecode.swift; path = UserProfileTableViewCell.swift; sourceTree = "<group>"; };
		3679425E1F9715A600B4AD91 /* UserProfileTableViewCell.xib */ = {isa = PBXFileReference; lastKnownFileType = file.xib; path = UserProfileTableViewCell.xib; sourceTree = "<group>"; };
		36AA4CCA1F9702BF0037ED7E /* UserProfileViewController.swift */ = {isa = PBXFileReference; lastKnownFileType = sourcecode.swift; path = UserProfileViewController.swift; sourceTree = "<group>"; };
		36AA4CCB1F9702BF0037ED7E /* UserProfileViewController.xib */ = {isa = PBXFileReference; lastKnownFileType = file.xib; path = UserProfileViewController.xib; sourceTree = "<group>"; };
		54112AD81F90010400474045 /* Starscream.framework */ = {isa = PBXFileReference; lastKnownFileType = wrapper.framework; name = Starscream.framework; path = Carthage/Build/iOS/Starscream.framework; sourceTree = "<group>"; };
		541141701F72590C00CAF4CD /* credentials.json */ = {isa = PBXFileReference; lastKnownFileType = text.json; name = credentials.json; path = ../../../../.aws/credentials.json; sourceTree = "<group>"; };
		541141741F725F3A00CAF4CD /* Constants.swift */ = {isa = PBXFileReference; fileEncoding = 4; lastKnownFileType = sourcecode.swift; path = Constants.swift; sourceTree = "<group>"; };
		541141761F72638500CAF4CD /* LOGS3.swift */ = {isa = PBXFileReference; fileEncoding = 4; lastKnownFileType = sourcecode.swift; path = LOGS3.swift; sourceTree = "<group>"; };
		541141781F72FA9C00CAF4CD /* LOGFileManager.swift */ = {isa = PBXFileReference; fileEncoding = 4; lastKnownFileType = sourcecode.swift; path = LOGFileManager.swift; sourceTree = "<group>"; };
		541636691F9E989B00CF4B2A /* DateConverter.swift */ = {isa = PBXFileReference; lastKnownFileType = sourcecode.swift; path = DateConverter.swift; sourceTree = "<group>"; };
		542364CC1F6CE0B700C47CB5 /* LogTests.xctest */ = {isa = PBXFileReference; explicitFileType = wrapper.cfbundle; includeInIndex = 0; path = LogTests.xctest; sourceTree = BUILT_PRODUCTS_DIR; };
		542364CE1F6CE0B700C47CB5 /* LogTests.swift */ = {isa = PBXFileReference; lastKnownFileType = sourcecode.swift; path = LogTests.swift; sourceTree = "<group>"; };
		542364D01F6CE0B700C47CB5 /* Info.plist */ = {isa = PBXFileReference; lastKnownFileType = text.plist.xml; path = Info.plist; sourceTree = "<group>"; };
		542364D61F6CE0FC00C47CB5 /* SignInController.swift */ = {isa = PBXFileReference; lastKnownFileType = sourcecode.swift; path = SignInController.swift; sourceTree = "<group>"; };
		542364DC1F6CE1BD00C47CB5 /* SampleUnitTest.swift */ = {isa = PBXFileReference; lastKnownFileType = sourcecode.swift; path = SampleUnitTest.swift; sourceTree = "<group>"; };
		542364DE1F6DB82E00C47CB5 /* HomeController.swift */ = {isa = PBXFileReference; fileEncoding = 4; lastKnownFileType = sourcecode.swift; path = HomeController.swift; sourceTree = "<group>"; };
		542364E01F6DFA2700C47CB5 /* LOGUserDefaults.swift */ = {isa = PBXFileReference; fileEncoding = 4; lastKnownFileType = sourcecode.swift; path = LOGUserDefaults.swift; sourceTree = "<group>"; };
		542364E21F6E755400C47CB5 /* MessageController.swift */ = {isa = PBXFileReference; fileEncoding = 4; lastKnownFileType = sourcecode.swift; path = MessageController.swift; sourceTree = "<group>"; };
		542364E81F70549F00C47CB5 /* ConvertImage.swift */ = {isa = PBXFileReference; fileEncoding = 4; lastKnownFileType = sourcecode.swift; path = ConvertImage.swift; sourceTree = "<group>"; };
		543D24181F51183C00ACDC9D /* MessageStack.swift */ = {isa = PBXFileReference; fileEncoding = 4; lastKnownFileType = sourcecode.swift; path = MessageStack.swift; sourceTree = "<group>"; };
		544EE7611F4EA01F00CD3380 /* HomeViewController.swift */ = {isa = PBXFileReference; fileEncoding = 4; lastKnownFileType = sourcecode.swift; path = HomeViewController.swift; sourceTree = "<group>"; };
		5454F3671F4A5843002D9AB5 /* Log.app */ = {isa = PBXFileReference; explicitFileType = wrapper.application; includeInIndex = 0; path = Log.app; sourceTree = BUILT_PRODUCTS_DIR; };
		5454F36A1F4A5844002D9AB5 /* AppDelegate.swift */ = {isa = PBXFileReference; lastKnownFileType = sourcecode.swift; path = AppDelegate.swift; sourceTree = "<group>"; };
		5454F36C1F4A5844002D9AB5 /* MessageViewController.swift */ = {isa = PBXFileReference; lastKnownFileType = sourcecode.swift; path = MessageViewController.swift; sourceTree = "<group>"; };
		5454F36F1F4A5844002D9AB5 /* Base */ = {isa = PBXFileReference; lastKnownFileType = file.storyboard; name = Base; path = Base.lproj/Main.storyboard; sourceTree = "<group>"; };
		5454F3711F4A5844002D9AB5 /* Assets.xcassets */ = {isa = PBXFileReference; lastKnownFileType = folder.assetcatalog; path = Assets.xcassets; sourceTree = "<group>"; };
		5454F3741F4A5844002D9AB5 /* Base */ = {isa = PBXFileReference; lastKnownFileType = file.storyboard; name = Base; path = Base.lproj/LaunchScreen.storyboard; sourceTree = "<group>"; };
		5454F3761F4A5844002D9AB5 /* Info.plist */ = {isa = PBXFileReference; lastKnownFileType = text.plist.xml; path = Info.plist; sourceTree = "<group>"; };
		5454F3801F4A5F7C002D9AB5 /* LOGUser.swift */ = {isa = PBXFileReference; fileEncoding = 4; lastKnownFileType = sourcecode.swift; path = LOGUser.swift; sourceTree = "<group>"; };
		5454F3821F4ABB4D002D9AB5 /* Message.swift */ = {isa = PBXFileReference; fileEncoding = 4; lastKnownFileType = sourcecode.swift; path = Message.swift; sourceTree = "<group>"; };
		5454F3841F4B6679002D9AB5 /* MessageDataExample.swift */ = {isa = PBXFileReference; fileEncoding = 4; lastKnownFileType = sourcecode.swift; path = MessageDataExample.swift; sourceTree = "<group>"; };
		545AE9371F7D0AF700482107 /* .swiftlint.yml */ = {isa = PBXFileReference; lastKnownFileType = text; path = .swiftlint.yml; sourceTree = "<group>"; };
		5480F5EC1F953A3A00453E03 /* CryptoSwift.framework */ = {isa = PBXFileReference; lastKnownFileType = wrapper.framework; name = CryptoSwift.framework; path = Carthage/Build/iOS/CryptoSwift.framework; sourceTree = "<group>"; };
		548A8E121F4C161900DD56C0 /* AppState.xcdatamodel */ = {isa = PBXFileReference; lastKnownFileType = wrapper.xcdatamodel; path = AppState.xcdatamodel; sourceTree = "<group>"; };
		548A8E141F4C9A8300DD56C0 /* SignInViewController.swift */ = {isa = PBXFileReference; fileEncoding = 4; lastKnownFileType = sourcecode.swift; path = SignInViewController.swift; sourceTree = "<group>"; };
		548A8E1A1F4CFAE400DD56C0 /* CoreDataController.swift */ = {isa = PBXFileReference; fileEncoding = 4; lastKnownFileType = sourcecode.swift; path = CoreDataController.swift; sourceTree = "<group>"; };
		54A05D781F4D74C4005B091F /* User+CoreDataClass.swift */ = {isa = PBXFileReference; fileEncoding = 4; lastKnownFileType = sourcecode.swift; path = "User+CoreDataClass.swift"; sourceTree = "<group>"; };
		54A05D791F4D74C4005B091F /* User+CoreDataProperties.swift */ = {isa = PBXFileReference; fileEncoding = 4; lastKnownFileType = sourcecode.swift; path = "User+CoreDataProperties.swift"; sourceTree = "<group>"; };
		54A27A211F69E1E800DC0ACA /* ImagePicker.framework */ = {isa = PBXFileReference; lastKnownFileType = wrapper.framework; name = ImagePicker.framework; path = Carthage/Build/iOS/ImagePicker.framework; sourceTree = "<group>"; };
		54A27A241F6A02BA00DC0ACA /* RSKImageCropper.framework */ = {isa = PBXFileReference; lastKnownFileType = wrapper.framework; name = RSKImageCropper.framework; path = Carthage/Build/iOS/RSKImageCropper.framework; sourceTree = "<group>"; };
		54A27A271F6A031700DC0ACA /* Log-Bridging-Header.h */ = {isa = PBXFileReference; lastKnownFileType = sourcecode.c.h; path = "Log-Bridging-Header.h"; sourceTree = "<group>"; };
		54B917831F71E11000D39504 /* AWSS3.framework */ = {isa = PBXFileReference; lastKnownFileType = wrapper.framework; name = AWSS3.framework; path = Carthage/Build/iOS/AWSS3.framework; sourceTree = "<group>"; };
		54B917861F71E35E00D39504 /* AWSConfig.swift */ = {isa = PBXFileReference; fileEncoding = 4; lastKnownFileType = sourcecode.swift; path = AWSConfig.swift; sourceTree = "<group>"; };
		54B917881F71E5E100D39504 /* AWSCore.framework */ = {isa = PBXFileReference; lastKnownFileType = wrapper.framework; name = AWSCore.framework; path = Carthage/Build/iOS/AWSCore.framework; sourceTree = "<group>"; };
		54DFFDC51F8F4D3F009F31B3 /* SocketIO.framework */ = {isa = PBXFileReference; lastKnownFileType = wrapper.framework; name = SocketIO.framework; path = Carthage/Build/iOS/SocketIO.framework; sourceTree = "<group>"; };
		54DFFDC81F8F4EEE009F31B3 /* SocketIOManager.swift */ = {isa = PBXFileReference; lastKnownFileType = sourcecode.swift; path = SocketIOManager.swift; sourceTree = "<group>"; };
		54EEB1201F57770700AA548B /* Alamofire.framework */ = {isa = PBXFileReference; lastKnownFileType = wrapper.framework; name = Alamofire.framework; path = Carthage/Build/iOS/Alamofire.framework; sourceTree = "<group>"; };
		54EEB1241F57770E00AA548B /* Lottie.framework */ = {isa = PBXFileReference; lastKnownFileType = wrapper.framework; name = Lottie.framework; path = Carthage/Build/iOS/Lottie.framework; sourceTree = "<group>"; };
		54EEB1271F577E2B00AA548B /* LOGHTTP.swift */ = {isa = PBXFileReference; fileEncoding = 4; lastKnownFileType = sourcecode.swift; path = LOGHTTP.swift; sourceTree = "<group>"; };
/* End PBXFileReference section */

/* Begin PBXFrameworksBuildPhase section */
		542364C91F6CE0B700C47CB5 /* Frameworks */ = {
			isa = PBXFrameworksBuildPhase;
			buildActionMask = 2147483647;
			files = (
				542364D81F6CE13200C47CB5 /* Alamofire.framework in Frameworks */,
				542364DA1F6CE13200C47CB5 /* Lottie.framework in Frameworks */,
				542364DB1F6CE13200C47CB5 /* RSKImageCropper.framework in Frameworks */,
			);
			runOnlyForDeploymentPostprocessing = 0;
		};
		5454F3641F4A5843002D9AB5 /* Frameworks */ = {
			isa = PBXFrameworksBuildPhase;
			buildActionMask = 2147483647;
			files = (
				54EEB1211F57770700AA548B /* Alamofire.framework in Frameworks */,
				54A27A221F69E1E800DC0ACA /* ImagePicker.framework in Frameworks */,
				54DFFDC61F8F4D4E009F31B3 /* SocketIO.framework in Frameworks */,
				5480F5ED1F953A4600453E03 /* CryptoSwift.framework in Frameworks */,
				54EEB1251F57770E00AA548B /* Lottie.framework in Frameworks */,
				54A27A251F6A02BA00DC0ACA /* RSKImageCropper.framework in Frameworks */,
				54112AD91F90011000474045 /* Starscream.framework in Frameworks */,
				54B917841F71E11100D39504 /* AWSS3.framework in Frameworks */,
				54B917891F71E5E100D39504 /* AWSCore.framework in Frameworks */,
			);
			runOnlyForDeploymentPostprocessing = 0;
		};
/* End PBXFrameworksBuildPhase section */

/* Begin PBXGroup section */
		541141721F725EE200CAF4CD /* AWS */ = {
			isa = PBXGroup;
			children = (
				54B917861F71E35E00D39504 /* AWSConfig.swift */,
				541141701F72590C00CAF4CD /* credentials.json */,
				541141761F72638500CAF4CD /* LOGS3.swift */,
			);
			name = AWS;
			sourceTree = "<group>";
		};
		542364CD1F6CE0B700C47CB5 /* LogTests */ = {
			isa = PBXGroup;
			children = (
				542364DC1F6CE1BD00C47CB5 /* SampleUnitTest.swift */,
				542364CE1F6CE0B700C47CB5 /* LogTests.swift */,
				542364D01F6CE0B700C47CB5 /* Info.plist */,
			);
			path = LogTests;
			sourceTree = "<group>";
		};
		542364E71F70546B00C47CB5 /* Helper */ = {
			isa = PBXGroup;
			children = (
				541141741F725F3A00CAF4CD /* Constants.swift */,
				541141781F72FA9C00CAF4CD /* LOGFileManager.swift */,
				542364E81F70549F00C47CB5 /* ConvertImage.swift */,
				54DFFDC81F8F4EEE009F31B3 /* SocketIOManager.swift */,
				541636691F9E989B00CF4B2A /* DateConverter.swift */,
			);
			name = Helper;
			sourceTree = "<group>";
		};
		5454F35E1F4A5843002D9AB5 = {
			isa = PBXGroup;
			children = (
				545AE9371F7D0AF700482107 /* .swiftlint.yml */,
				5454F3691F4A5843002D9AB5 /* Log */,
				542364CD1F6CE0B700C47CB5 /* LogTests */,
				5454F3681F4A5843002D9AB5 /* Products */,
				54A27A151F69DC5500DC0ACA /* Frameworks */,
			);
			sourceTree = "<group>";
		};
		5454F3681F4A5843002D9AB5 /* Products */ = {
			isa = PBXGroup;
			children = (
				5454F3671F4A5843002D9AB5 /* Log.app */,
				542364CC1F6CE0B700C47CB5 /* LogTests.xctest */,
			);
			name = Products;
			sourceTree = "<group>";
		};
		5454F3691F4A5843002D9AB5 /* Log */ = {
			isa = PBXGroup;
			children = (
				5454F3761F4A5844002D9AB5 /* Info.plist */,
				5454F36A1F4A5844002D9AB5 /* AppDelegate.swift */,
				5454F3711F4A5844002D9AB5 /* Assets.xcassets */,
				541141721F725EE200CAF4CD /* AWS */,
				5454F37E1F4A58B7002D9AB5 /* Controller */,
				548A8E101F4C156300DD56C0 /* CoreData */,
				542364E71F70546B00C47CB5 /* Helper */,
				54EA72781F7789D9005D8F5F /* HTTP */,
				5454F37C1F4A589F002D9AB5 /* Model */,
				5454F37F1F4A590D002D9AB5 /* Storyboard */,
				5463A6661F79079F00F23156 /* UserDefaults */,
				5454F37D1F4A58A5002D9AB5 /* View */,
			);
			path = Log;
			sourceTree = "<group>";
		};
		5454F37C1F4A589F002D9AB5 /* Model */ = {
			isa = PBXGroup;
			children = (
				5454F3801F4A5F7C002D9AB5 /* LOGUser.swift */,
				5454F3821F4ABB4D002D9AB5 /* Message.swift */,
				543D24181F51183C00ACDC9D /* MessageStack.swift */,
			);
			name = Model;
			sourceTree = "<group>";
		};
		5454F37D1F4A58A5002D9AB5 /* View */ = {
			isa = PBXGroup;
			children = (
				5454F36C1F4A5844002D9AB5 /* MessageViewController.swift */,
				36AA4CCA1F9702BF0037ED7E /* UserProfileViewController.swift */,
				36AA4CCB1F9702BF0037ED7E /* UserProfileViewController.xib */,
				3679425D1F9715A600B4AD91 /* UserProfileTableViewCell.swift */,
				3679425E1F9715A600B4AD91 /* UserProfileTableViewCell.xib */,
				548A8E141F4C9A8300DD56C0 /* SignInViewController.swift */,
				544EE7611F4EA01F00CD3380 /* HomeViewController.swift */,
				54A27A271F6A031700DC0ACA /* Log-Bridging-Header.h */,
			);
			name = View;
			sourceTree = "<group>";
		};
		5454F37E1F4A58B7002D9AB5 /* Controller */ = {
			isa = PBXGroup;
			children = (
				542364DE1F6DB82E00C47CB5 /* HomeController.swift */,
				542364E01F6DFA2700C47CB5 /* LOGUserDefaults.swift */,
				542364E21F6E755400C47CB5 /* MessageController.swift */,
				542364D61F6CE0FC00C47CB5 /* SignInController.swift */,
			);
			name = Controller;
			sourceTree = "<group>";
		};
		5454F37F1F4A590D002D9AB5 /* Storyboard */ = {
			isa = PBXGroup;
			children = (
				5454F36E1F4A5844002D9AB5 /* Main.storyboard */,
				5454F3731F4A5844002D9AB5 /* LaunchScreen.storyboard */,
			);
			name = Storyboard;
			sourceTree = "<group>";
		};
		5463A6661F79079F00F23156 /* UserDefaults */ = {
			isa = PBXGroup;
			children = (
				5454F3841F4B6679002D9AB5 /* MessageDataExample.swift */,
			);
			name = UserDefaults;
			sourceTree = "<group>";
		};
		548A8E101F4C156300DD56C0 /* CoreData */ = {
			isa = PBXGroup;
			children = (
				548A8E111F4C161900DD56C0 /* AppState.xcdatamodeld */,
				548A8E1A1F4CFAE400DD56C0 /* CoreDataController.swift */,
				54A05D781F4D74C4005B091F /* User+CoreDataClass.swift */,
				54A05D791F4D74C4005B091F /* User+CoreDataProperties.swift */,
			);
			name = CoreData;
			sourceTree = "<group>";
		};
		54A27A151F69DC5500DC0ACA /* Frameworks */ = {
			isa = PBXGroup;
			children = (
				5480F5EC1F953A3A00453E03 /* CryptoSwift.framework */,
				54112AD81F90010400474045 /* Starscream.framework */,
				54DFFDC51F8F4D3F009F31B3 /* SocketIO.framework */,
				54B917881F71E5E100D39504 /* AWSCore.framework */,
				54B917831F71E11000D39504 /* AWSS3.framework */,
				54A27A241F6A02BA00DC0ACA /* RSKImageCropper.framework */,
				54A27A211F69E1E800DC0ACA /* ImagePicker.framework */,
				54EEB1241F57770E00AA548B /* Lottie.framework */,
				54EEB1201F57770700AA548B /* Alamofire.framework */,
			);
			name = Frameworks;
			sourceTree = "<group>";
		};
		54EA72781F7789D9005D8F5F /* HTTP */ = {
			isa = PBXGroup;
			children = (
				54EEB1271F577E2B00AA548B /* LOGHTTP.swift */,
			);
			path = HTTP;
			sourceTree = "<group>";
		};
/* End PBXGroup section */

/* Begin PBXNativeTarget section */
		542364CB1F6CE0B700C47CB5 /* LogTests */ = {
			isa = PBXNativeTarget;
			buildConfigurationList = 542364D51F6CE0B700C47CB5 /* Build configuration list for PBXNativeTarget "LogTests" */;
			buildPhases = (
				542364C81F6CE0B700C47CB5 /* Sources */,
				542364C91F6CE0B700C47CB5 /* Frameworks */,
				542364CA1F6CE0B700C47CB5 /* Resources */,
			);
			buildRules = (
			);
			dependencies = (
				542364D21F6CE0B700C47CB5 /* PBXTargetDependency */,
			);
			name = LogTests;
			productName = LogTests;
			productReference = 542364CC1F6CE0B700C47CB5 /* LogTests.xctest */;
			productType = "com.apple.product-type.bundle.unit-test";
		};
		5454F3661F4A5843002D9AB5 /* Log */ = {
			isa = PBXNativeTarget;
			buildConfigurationList = 5454F3791F4A5844002D9AB5 /* Build configuration list for PBXNativeTarget "Log" */;
			buildPhases = (
				5454F3631F4A5843002D9AB5 /* Sources */,
				5454F3641F4A5843002D9AB5 /* Frameworks */,
				5454F3651F4A5843002D9AB5 /* Resources */,
				54EEB1231F57770700AA548B /* Embed Frameworks */,
				545AE9361F7D077A00482107 /* ShellScript */,
			);
			buildRules = (
			);
			dependencies = (
			);
			name = Log;
			productName = Log;
			productReference = 5454F3671F4A5843002D9AB5 /* Log.app */;
			productType = "com.apple.product-type.application";
		};
/* End PBXNativeTarget section */

/* Begin PBXProject section */
		5454F35F1F4A5843002D9AB5 /* Project object */ = {
			isa = PBXProject;
			attributes = {
				LastSwiftUpdateCheck = 0830;
				LastUpgradeCheck = 0900;
				ORGANIZATIONNAME = "Andrei Villasana";
				TargetAttributes = {
					542364CB1F6CE0B700C47CB5 = {
						CreatedOnToolsVersion = 8.3.3;
						DevelopmentTeam = BJE27J35HP;
						LastSwiftMigration = 0900;
						ProvisioningStyle = Automatic;
						TestTargetID = 5454F3661F4A5843002D9AB5;
					};
					5454F3661F4A5843002D9AB5 = {
						CreatedOnToolsVersion = 8.3.3;
						DevelopmentTeam = BJE27J35HP;
						LastSwiftMigration = 0900;
						ProvisioningStyle = Automatic;
					};
				};
			};
			buildConfigurationList = 5454F3621F4A5843002D9AB5 /* Build configuration list for PBXProject "Log" */;
			compatibilityVersion = "Xcode 3.2";
			developmentRegion = English;
			hasScannedForEncodings = 0;
			knownRegions = (
				en,
				Base,
			);
			mainGroup = 5454F35E1F4A5843002D9AB5;
			productRefGroup = 5454F3681F4A5843002D9AB5 /* Products */;
			projectDirPath = "";
			projectRoot = "";
			targets = (
				5454F3661F4A5843002D9AB5 /* Log */,
				542364CB1F6CE0B700C47CB5 /* LogTests */,
			);
		};
/* End PBXProject section */

/* Begin PBXResourcesBuildPhase section */
		542364CA1F6CE0B700C47CB5 /* Resources */ = {
			isa = PBXResourcesBuildPhase;
			buildActionMask = 2147483647;
			files = (
			);
			runOnlyForDeploymentPostprocessing = 0;
		};
		5454F3651F4A5843002D9AB5 /* Resources */ = {
			isa = PBXResourcesBuildPhase;
			buildActionMask = 2147483647;
			files = (
				545AE9381F7D0AF700482107 /* .swiftlint.yml in Resources */,
				541141711F72590C00CAF4CD /* credentials.json in Resources */,
				5454F3751F4A5844002D9AB5 /* LaunchScreen.storyboard in Resources */,
				36AA4CCD1F9702BF0037ED7E /* UserProfileViewController.xib in Resources */,
				367942601F9715A600B4AD91 /* UserProfileTableViewCell.xib in Resources */,
				5454F3721F4A5844002D9AB5 /* Assets.xcassets in Resources */,
				5454F3701F4A5844002D9AB5 /* Main.storyboard in Resources */,
			);
			runOnlyForDeploymentPostprocessing = 0;
		};
/* End PBXResourcesBuildPhase section */

/* Begin PBXShellScriptBuildPhase section */
		545AE9361F7D077A00482107 /* ShellScript */ = {
			isa = PBXShellScriptBuildPhase;
			buildActionMask = 2147483647;
			files = (
			);
			inputPaths = (
			);
			outputPaths = (
			);
			runOnlyForDeploymentPostprocessing = 0;
			shellPath = /bin/sh;
			shellScript = "if which swiftlint >/dev/null; then\nswiftlint\nelse\necho \"warning: SwiftLint not installed, download from https://github.com/realm/SwiftLint\"\nfi";
		};
/* End PBXShellScriptBuildPhase section */

/* Begin PBXSourcesBuildPhase section */
		542364C81F6CE0B700C47CB5 /* Sources */ = {
			isa = PBXSourcesBuildPhase;
			buildActionMask = 2147483647;
			files = (
				542364DD1F6CE1BD00C47CB5 /* SampleUnitTest.swift in Sources */,
				542364CF1F6CE0B700C47CB5 /* LogTests.swift in Sources */,
			);
			runOnlyForDeploymentPostprocessing = 0;
		};
		5454F3631F4A5843002D9AB5 /* Sources */ = {
			isa = PBXSourcesBuildPhase;
			buildActionMask = 2147483647;
			files = (
				542364D71F6CE0FC00C47CB5 /* SignInController.swift in Sources */,
				542364E91F70549F00C47CB5 /* ConvertImage.swift in Sources */,
				548A8E151F4C9A8300DD56C0 /* SignInViewController.swift in Sources */,
				5454F3851F4B6679002D9AB5 /* MessageDataExample.swift in Sources */,
				3679425F1F9715A600B4AD91 /* UserProfileTableViewCell.swift in Sources */,
				36AA4CCC1F9702BF0037ED7E /* UserProfileViewController.swift in Sources */,
				543D24191F51183C00ACDC9D /* MessageStack.swift in Sources */,
				542364E31F6E755400C47CB5 /* MessageController.swift in Sources */,
				54DFFDC91F8F4EEE009F31B3 /* SocketIOManager.swift in Sources */,
				54B917871F71E35E00D39504 /* AWSConfig.swift in Sources */,
				548A8E1B1F4CFAE400DD56C0 /* CoreDataController.swift in Sources */,
				541141791F72FA9C00CAF4CD /* LOGFileManager.swift in Sources */,
				5454F36D1F4A5844002D9AB5 /* MessageViewController.swift in Sources */,
				548A8E131F4C161900DD56C0 /* AppState.xcdatamodeld in Sources */,
				5416366A1F9E989B00CF4B2A /* DateConverter.swift in Sources */,
				54A05D7A1F4D74C4005B091F /* User+CoreDataClass.swift in Sources */,
				54EEB1281F577E2B00AA548B /* LOGHTTP.swift in Sources */,
				542364E11F6DFA2700C47CB5 /* LOGUserDefaults.swift in Sources */,
				5454F3831F4ABB4D002D9AB5 /* Message.swift in Sources */,
				544EE7621F4EA01F00CD3380 /* HomeViewController.swift in Sources */,
				541141771F72638500CAF4CD /* LOGS3.swift in Sources */,
				5454F36B1F4A5844002D9AB5 /* AppDelegate.swift in Sources */,
				54A05D7B1F4D74C4005B091F /* User+CoreDataProperties.swift in Sources */,
				5454F3811F4A5F7C002D9AB5 /* LOGUser.swift in Sources */,
				542364DF1F6DB82E00C47CB5 /* HomeController.swift in Sources */,
				541141751F725F3A00CAF4CD /* Constants.swift in Sources */,
			);
			runOnlyForDeploymentPostprocessing = 0;
		};
/* End PBXSourcesBuildPhase section */

/* Begin PBXTargetDependency section */
		542364D21F6CE0B700C47CB5 /* PBXTargetDependency */ = {
			isa = PBXTargetDependency;
			target = 5454F3661F4A5843002D9AB5 /* Log */;
			targetProxy = 542364D11F6CE0B700C47CB5 /* PBXContainerItemProxy */;
		};
/* End PBXTargetDependency section */

/* Begin PBXVariantGroup section */
		5454F36E1F4A5844002D9AB5 /* Main.storyboard */ = {
			isa = PBXVariantGroup;
			children = (
				5454F36F1F4A5844002D9AB5 /* Base */,
			);
			name = Main.storyboard;
			sourceTree = "<group>";
		};
		5454F3731F4A5844002D9AB5 /* LaunchScreen.storyboard */ = {
			isa = PBXVariantGroup;
			children = (
				5454F3741F4A5844002D9AB5 /* Base */,
			);
			name = LaunchScreen.storyboard;
			sourceTree = "<group>";
		};
/* End PBXVariantGroup section */

/* Begin XCBuildConfiguration section */
		542364D31F6CE0B700C47CB5 /* Debug */ = {
			isa = XCBuildConfiguration;
			buildSettings = {
				BUNDLE_LOADER = "$(TEST_HOST)";
				DEVELOPMENT_TEAM = BJE27J35HP;
				FRAMEWORK_SEARCH_PATHS = (
					"$(inherited)",
					"$(PROJECT_DIR)/Carthage/Build/iOS",
				);
				INFOPLIST_FILE = LogTests/Info.plist;
				LD_RUNPATH_SEARCH_PATHS = "$(inherited) @executable_path/Frameworks @loader_path/Frameworks";
				PRODUCT_BUNDLE_IDENTIFIER = com.colourhood.LogTests;
				PRODUCT_NAME = "$(TARGET_NAME)";
				SWIFT_SWIFT3_OBJC_INFERENCE = On;
				SWIFT_VERSION = 4.0;
				TEST_HOST = "$(BUILT_PRODUCTS_DIR)/Log.app/Log";
			};
			name = Debug;
		};
		542364D41F6CE0B700C47CB5 /* Release */ = {
			isa = XCBuildConfiguration;
			buildSettings = {
				BUNDLE_LOADER = "$(TEST_HOST)";
				DEVELOPMENT_TEAM = BJE27J35HP;
				FRAMEWORK_SEARCH_PATHS = (
					"$(inherited)",
					"$(PROJECT_DIR)/Carthage/Build/iOS",
				);
				INFOPLIST_FILE = LogTests/Info.plist;
				LD_RUNPATH_SEARCH_PATHS = "$(inherited) @executable_path/Frameworks @loader_path/Frameworks";
				PRODUCT_BUNDLE_IDENTIFIER = com.colourhood.LogTests;
				PRODUCT_NAME = "$(TARGET_NAME)";
				SWIFT_SWIFT3_OBJC_INFERENCE = On;
				SWIFT_VERSION = 4.0;
				TEST_HOST = "$(BUILT_PRODUCTS_DIR)/Log.app/Log";
			};
			name = Release;
		};
		5454F3771F4A5844002D9AB5 /* Debug */ = {
			isa = XCBuildConfiguration;
			buildSettings = {
				ALWAYS_SEARCH_USER_PATHS = NO;
				CLANG_ANALYZER_NONNULL = YES;
				CLANG_ANALYZER_NUMBER_OBJECT_CONVERSION = YES_AGGRESSIVE;
				CLANG_CXX_LANGUAGE_STANDARD = "gnu++0x";
				CLANG_CXX_LIBRARY = "libc++";
				CLANG_ENABLE_MODULES = YES;
				CLANG_ENABLE_OBJC_ARC = YES;
				CLANG_WARN_BLOCK_CAPTURE_AUTORELEASING = YES;
				CLANG_WARN_BOOL_CONVERSION = YES;
				CLANG_WARN_COMMA = YES;
				CLANG_WARN_CONSTANT_CONVERSION = YES;
				CLANG_WARN_DIRECT_OBJC_ISA_USAGE = YES_ERROR;
				CLANG_WARN_DOCUMENTATION_COMMENTS = YES;
				CLANG_WARN_EMPTY_BODY = YES;
				CLANG_WARN_ENUM_CONVERSION = YES;
				CLANG_WARN_INFINITE_RECURSION = YES;
				CLANG_WARN_INT_CONVERSION = YES;
				CLANG_WARN_NON_LITERAL_NULL_CONVERSION = YES;
				CLANG_WARN_OBJC_LITERAL_CONVERSION = YES;
				CLANG_WARN_OBJC_ROOT_CLASS = YES_ERROR;
				CLANG_WARN_RANGE_LOOP_ANALYSIS = YES;
				CLANG_WARN_STRICT_PROTOTYPES = YES;
				CLANG_WARN_SUSPICIOUS_MOVE = YES;
				CLANG_WARN_UNREACHABLE_CODE = YES;
				CLANG_WARN__DUPLICATE_METHOD_MATCH = YES;
				"CODE_SIGN_IDENTITY[sdk=iphoneos*]" = "iPhone Developer";
				COPY_PHASE_STRIP = NO;
				DEBUG_INFORMATION_FORMAT = dwarf;
				ENABLE_STRICT_OBJC_MSGSEND = YES;
				ENABLE_TESTABILITY = YES;
				GCC_C_LANGUAGE_STANDARD = gnu99;
				GCC_DYNAMIC_NO_PIC = NO;
				GCC_NO_COMMON_BLOCKS = YES;
				GCC_OPTIMIZATION_LEVEL = 0;
				GCC_PREPROCESSOR_DEFINITIONS = (
					"DEBUG=1",
					"$(inherited)",
				);
				GCC_WARN_64_TO_32_BIT_CONVERSION = YES;
				GCC_WARN_ABOUT_RETURN_TYPE = YES_ERROR;
				GCC_WARN_UNDECLARED_SELECTOR = YES;
				GCC_WARN_UNINITIALIZED_AUTOS = YES_AGGRESSIVE;
				GCC_WARN_UNUSED_FUNCTION = YES;
				GCC_WARN_UNUSED_VARIABLE = YES;
				IPHONEOS_DEPLOYMENT_TARGET = 10.0;
				MTL_ENABLE_DEBUG_INFO = YES;
				ONLY_ACTIVE_ARCH = YES;
				SDKROOT = iphoneos;
				SWIFT_ACTIVE_COMPILATION_CONDITIONS = DEBUG;
				SWIFT_OPTIMIZATION_LEVEL = "-Onone";
			};
			name = Debug;
		};
		5454F3781F4A5844002D9AB5 /* Release */ = {
			isa = XCBuildConfiguration;
			buildSettings = {
				ALWAYS_SEARCH_USER_PATHS = NO;
				CLANG_ANALYZER_NONNULL = YES;
				CLANG_ANALYZER_NUMBER_OBJECT_CONVERSION = YES_AGGRESSIVE;
				CLANG_CXX_LANGUAGE_STANDARD = "gnu++0x";
				CLANG_CXX_LIBRARY = "libc++";
				CLANG_ENABLE_MODULES = YES;
				CLANG_ENABLE_OBJC_ARC = YES;
				CLANG_WARN_BLOCK_CAPTURE_AUTORELEASING = YES;
				CLANG_WARN_BOOL_CONVERSION = YES;
				CLANG_WARN_COMMA = YES;
				CLANG_WARN_CONSTANT_CONVERSION = YES;
				CLANG_WARN_DIRECT_OBJC_ISA_USAGE = YES_ERROR;
				CLANG_WARN_DOCUMENTATION_COMMENTS = YES;
				CLANG_WARN_EMPTY_BODY = YES;
				CLANG_WARN_ENUM_CONVERSION = YES;
				CLANG_WARN_INFINITE_RECURSION = YES;
				CLANG_WARN_INT_CONVERSION = YES;
				CLANG_WARN_NON_LITERAL_NULL_CONVERSION = YES;
				CLANG_WARN_OBJC_LITERAL_CONVERSION = YES;
				CLANG_WARN_OBJC_ROOT_CLASS = YES_ERROR;
				CLANG_WARN_RANGE_LOOP_ANALYSIS = YES;
				CLANG_WARN_STRICT_PROTOTYPES = YES;
				CLANG_WARN_SUSPICIOUS_MOVE = YES;
				CLANG_WARN_UNREACHABLE_CODE = YES;
				CLANG_WARN__DUPLICATE_METHOD_MATCH = YES;
				"CODE_SIGN_IDENTITY[sdk=iphoneos*]" = "iPhone Developer";
				COPY_PHASE_STRIP = NO;
				DEBUG_INFORMATION_FORMAT = "dwarf-with-dsym";
				ENABLE_NS_ASSERTIONS = NO;
				ENABLE_STRICT_OBJC_MSGSEND = YES;
				GCC_C_LANGUAGE_STANDARD = gnu99;
				GCC_NO_COMMON_BLOCKS = YES;
				GCC_WARN_64_TO_32_BIT_CONVERSION = YES;
				GCC_WARN_ABOUT_RETURN_TYPE = YES_ERROR;
				GCC_WARN_UNDECLARED_SELECTOR = YES;
				GCC_WARN_UNINITIALIZED_AUTOS = YES_AGGRESSIVE;
				GCC_WARN_UNUSED_FUNCTION = YES;
				GCC_WARN_UNUSED_VARIABLE = YES;
				IPHONEOS_DEPLOYMENT_TARGET = 10.0;
				MTL_ENABLE_DEBUG_INFO = NO;
				SDKROOT = iphoneos;
				SWIFT_OPTIMIZATION_LEVEL = "-Owholemodule";
				VALIDATE_PRODUCT = YES;
			};
			name = Release;
		};
		5454F37A1F4A5844002D9AB5 /* Debug */ = {
			isa = XCBuildConfiguration;
			buildSettings = {
				ASSETCATALOG_COMPILER_APPICON_NAME = AppIcon;
				CLANG_ENABLE_MODULES = YES;
				DEVELOPMENT_TEAM = BJE27J35HP;
				FRAMEWORK_SEARCH_PATHS = (
					"$(inherited)",
					"$(PROJECT_DIR)/Carthage/Build/iOS",
				);
				INFOPLIST_FILE = Log/Info.plist;
				IPHONEOS_DEPLOYMENT_TARGET = 10.0;
				LD_RUNPATH_SEARCH_PATHS = "$(inherited) @executable_path/Frameworks";
				PRODUCT_BUNDLE_IDENTIFIER = com.colourhood.Log;
				PRODUCT_NAME = "$(TARGET_NAME)";
				SWIFT_OBJC_BRIDGING_HEADER = "Log/Log-Bridging-Header.h";
				SWIFT_OPTIMIZATION_LEVEL = "-Onone";
				SWIFT_SWIFT3_OBJC_INFERENCE = Off;
				SWIFT_VERSION = 4.0;
			};
			name = Debug;
		};
		5454F37B1F4A5844002D9AB5 /* Release */ = {
			isa = XCBuildConfiguration;
			buildSettings = {
				ASSETCATALOG_COMPILER_APPICON_NAME = AppIcon;
				CLANG_ENABLE_MODULES = YES;
				DEVELOPMENT_TEAM = BJE27J35HP;
				FRAMEWORK_SEARCH_PATHS = (
					"$(inherited)",
					"$(PROJECT_DIR)/Carthage/Build/iOS",
				);
				INFOPLIST_FILE = Log/Info.plist;
				IPHONEOS_DEPLOYMENT_TARGET = 10.0;
				LD_RUNPATH_SEARCH_PATHS = "$(inherited) @executable_path/Frameworks";
				PRODUCT_BUNDLE_IDENTIFIER = com.colourhood.Log;
				PRODUCT_NAME = "$(TARGET_NAME)";
				SWIFT_OBJC_BRIDGING_HEADER = "Log/Log-Bridging-Header.h";
				SWIFT_SWIFT3_OBJC_INFERENCE = Off;
				SWIFT_VERSION = 4.0;
			};
			name = Release;
		};
/* End XCBuildConfiguration section */

/* Begin XCConfigurationList section */
		542364D51F6CE0B700C47CB5 /* Build configuration list for PBXNativeTarget "LogTests" */ = {
			isa = XCConfigurationList;
			buildConfigurations = (
				542364D31F6CE0B700C47CB5 /* Debug */,
				542364D41F6CE0B700C47CB5 /* Release */,
			);
			defaultConfigurationIsVisible = 0;
			defaultConfigurationName = Release;
		};
		5454F3621F4A5843002D9AB5 /* Build configuration list for PBXProject "Log" */ = {
			isa = XCConfigurationList;
			buildConfigurations = (
				5454F3771F4A5844002D9AB5 /* Debug */,
				5454F3781F4A5844002D9AB5 /* Release */,
			);
			defaultConfigurationIsVisible = 0;
			defaultConfigurationName = Release;
		};
		5454F3791F4A5844002D9AB5 /* Build configuration list for PBXNativeTarget "Log" */ = {
			isa = XCConfigurationList;
			buildConfigurations = (
				5454F37A1F4A5844002D9AB5 /* Debug */,
				5454F37B1F4A5844002D9AB5 /* Release */,
			);
			defaultConfigurationIsVisible = 0;
			defaultConfigurationName = Release;
		};
/* End XCConfigurationList section */

/* Begin XCVersionGroup section */
		548A8E111F4C161900DD56C0 /* AppState.xcdatamodeld */ = {
			isa = XCVersionGroup;
			children = (
				548A8E121F4C161900DD56C0 /* AppState.xcdatamodel */,
			);
			currentVersion = 548A8E121F4C161900DD56C0 /* AppState.xcdatamodel */;
			path = AppState.xcdatamodeld;
			sourceTree = "<group>";
			versionGroupType = wrapper.xcdatamodel;
		};
/* End XCVersionGroup section */
	};
	rootObject = 5454F35F1F4A5843002D9AB5 /* Project object */;
}
