// !$*UTF8*$!
{
	archiveVersion = 1;
	classes = {
	};
	objectVersion = 46;
	objects = {

/* Begin PBXBuildFile section */
		3679425F1F9715A600B4AD91 /* UserProfileTableViewCell.swift in Sources */ = {isa = PBXBuildFile; fileRef = 3679425D1F9715A600B4AD91 /* UserProfileTableViewCell.swift */; };
		367942601F9715A600B4AD91 /* UserProfileTableViewCell.xib in Resources */ = {isa = PBXBuildFile; fileRef = 3679425E1F9715A600B4AD91 /* UserProfileTableViewCell.xib */; };
		36AA4CCC1F9702BF0037ED7E /* UserProfileViewController.swift in Sources */ = {isa = PBXBuildFile; fileRef = 36AA4CCA1F9702BF0037ED7E /* UserProfileViewController.swift */; };
		36AA4CCD1F9702BF0037ED7E /* UserProfileViewController.xib in Resources */ = {isa = PBXBuildFile; fileRef = 36AA4CCB1F9702BF0037ED7E /* UserProfileViewController.xib */; };
		54112AD91F90011000474045 /* Starscream.framework in Frameworks */ = {isa = PBXBuildFile; fileRef = 54112AD81F90010400474045 /* Starscream.framework */; };
		54112ADA1F90011000474045 /* Starscream.framework in Embed Frameworks */ = {isa = PBXBuildFile; fileRef = 54112AD81F90010400474045 /* Starscream.framework */; settings = {ATTRIBUTES = (CodeSignOnCopy, RemoveHeadersOnCopy, ); }; };
		541141711F72590C00CAF4CD /* credentials.json in Resources */ = {isa = PBXBuildFile; fileRef = 541141701F72590C00CAF4CD /* credentials.json */; };
		541141751F725F3A00CAF4CD /* Constants.swift in Sources */ = {isa = PBXBuildFile; fileRef = 541141741F725F3A00CAF4CD /* Constants.swift */; };
		541141771F72638500CAF4CD /* LOGS3.swift in Sources */ = {isa = PBXBuildFile; fileRef = 541141761F72638500CAF4CD /* LOGS3.swift */; };
		541141791F72FA9C00CAF4CD /* LOGFileManager.swift in Sources */ = {isa = PBXBuildFile; fileRef = 541141781F72FA9C00CAF4CD /* LOGFileManager.swift */; };
		5412F4382004B4C4004A259C /* HomeStackViewModel.swift in Sources */ = {isa = PBXBuildFile; fileRef = 5412F4372004B4C4004A259C /* HomeStackViewModel.swift */; };
		541466461FB111C6009893BE /* MessageControllerUnitTest.swift in Sources */ = {isa = PBXBuildFile; fileRef = 541466451FB111C6009893BE /* MessageControllerUnitTest.swift */; };
		5414664A1FB1183F009893BE /* UserCoreDataController.swift in Sources */ = {isa = PBXBuildFile; fileRef = 541466491FB1183F009893BE /* UserCoreDataController.swift */; };
		5416366A1F9E989B00CF4B2A /* DateConverter.swift in Sources */ = {isa = PBXBuildFile; fileRef = 541636691F9E989B00CF4B2A /* DateConverter.swift */; };
		542364CF1F6CE0B700C47CB5 /* LogTests.swift in Sources */ = {isa = PBXBuildFile; fileRef = 542364CE1F6CE0B700C47CB5 /* LogTests.swift */; };
		542364D71F6CE0FC00C47CB5 /* SignInController.swift in Sources */ = {isa = PBXBuildFile; fileRef = 542364D61F6CE0FC00C47CB5 /* SignInController.swift */; };
		542364D81F6CE13200C47CB5 /* Alamofire.framework in Frameworks */ = {isa = PBXBuildFile; fileRef = 54EEB1201F57770700AA548B /* Alamofire.framework */; };
		542364DA1F6CE13200C47CB5 /* Lottie.framework in Frameworks */ = {isa = PBXBuildFile; fileRef = 54EEB1241F57770E00AA548B /* Lottie.framework */; };
		542364DB1F6CE13200C47CB5 /* RSKImageCropper.framework in Frameworks */ = {isa = PBXBuildFile; fileRef = 54A27A241F6A02BA00DC0ACA /* RSKImageCropper.framework */; };
		542364DF1F6DB82E00C47CB5 /* HomeRouter.swift in Sources */ = {isa = PBXBuildFile; fileRef = 542364DE1F6DB82E00C47CB5 /* HomeRouter.swift */; };
		542364E31F6E755400C47CB5 /* MessageRouter.swift in Sources */ = {isa = PBXBuildFile; fileRef = 542364E21F6E755400C47CB5 /* MessageRouter.swift */; };
		542364E91F70549F00C47CB5 /* ConvertImage.swift in Sources */ = {isa = PBXBuildFile; fileRef = 542364E81F70549F00C47CB5 /* ConvertImage.swift */; };
		5429625F1FD008460049EE2F /* SlideInPresentationAnimator.swift in Sources */ = {isa = PBXBuildFile; fileRef = 5429625E1FD008460049EE2F /* SlideInPresentationAnimator.swift */; };
		542962651FD1D43B0049EE2F /* DismissAnimator.swift in Sources */ = {isa = PBXBuildFile; fileRef = 542962641FD1D43B0049EE2F /* DismissAnimator.swift */; };
		5429626E1FD232860049EE2F /* DismissManager.swift in Sources */ = {isa = PBXBuildFile; fileRef = 5429626D1FD232860049EE2F /* DismissManager.swift */; };
		543D24191F51183C00ACDC9D /* MessageStack.swift in Sources */ = {isa = PBXBuildFile; fileRef = 543D24181F51183C00ACDC9D /* MessageStack.swift */; };
		544EE7621F4EA01F00CD3380 /* HomeViewController.swift in Sources */ = {isa = PBXBuildFile; fileRef = 544EE7611F4EA01F00CD3380 /* HomeViewController.swift */; };
		5454F36B1F4A5844002D9AB5 /* AppDelegate.swift in Sources */ = {isa = PBXBuildFile; fileRef = 5454F36A1F4A5844002D9AB5 /* AppDelegate.swift */; };
		5454F36D1F4A5844002D9AB5 /* MessageViewController.swift in Sources */ = {isa = PBXBuildFile; fileRef = 5454F36C1F4A5844002D9AB5 /* MessageViewController.swift */; };
		5454F3701F4A5844002D9AB5 /* Main.storyboard in Resources */ = {isa = PBXBuildFile; fileRef = 5454F36E1F4A5844002D9AB5 /* Main.storyboard */; };
		5454F3721F4A5844002D9AB5 /* Assets.xcassets in Resources */ = {isa = PBXBuildFile; fileRef = 5454F3711F4A5844002D9AB5 /* Assets.xcassets */; };
		5454F3751F4A5844002D9AB5 /* LaunchScreen.storyboard in Resources */ = {isa = PBXBuildFile; fileRef = 5454F3731F4A5844002D9AB5 /* LaunchScreen.storyboard */; };
		5454F3811F4A5F7C002D9AB5 /* User.swift in Sources */ = {isa = PBXBuildFile; fileRef = 5454F3801F4A5F7C002D9AB5 /* User.swift */; };
		5454F3831F4ABB4D002D9AB5 /* Message.swift in Sources */ = {isa = PBXBuildFile; fileRef = 5454F3821F4ABB4D002D9AB5 /* Message.swift */; };
		545AE9381F7D0AF700482107 /* .swiftlint.yml in Resources */ = {isa = PBXBuildFile; fileRef = 545AE9371F7D0AF700482107 /* .swiftlint.yml */; };
		545D6CFE1FCCBC3000082E3C /* HomeTableViewCell.swift in Sources */ = {isa = PBXBuildFile; fileRef = 545D6CFD1FCCBC3000082E3C /* HomeTableViewCell.swift */; };
		545D6D021FCCEECD00082E3C /* Debouncer.swift in Sources */ = {isa = PBXBuildFile; fileRef = 545D6D011FCCEECD00082E3C /* Debouncer.swift */; };
		545D6D051FCE46AC00082E3C /* SlideInPresentationManager.swift in Sources */ = {isa = PBXBuildFile; fileRef = 545D6D041FCE46AC00082E3C /* SlideInPresentationManager.swift */; };
		545D6D071FCE9D6300082E3C /* SlideInPresentationController.swift in Sources */ = {isa = PBXBuildFile; fileRef = 545D6D061FCE9D6300082E3C /* SlideInPresentationController.swift */; };
		547B1A861FF3E50D008284A9 /* MessageTableView.swift in Sources */ = {isa = PBXBuildFile; fileRef = 547B1A851FF3E50D008284A9 /* MessageTableView.swift */; };
		547B1A8A1FF6415F008284A9 /* MessageStackViewModel.swift in Sources */ = {isa = PBXBuildFile; fileRef = 547B1A891FF6415F008284A9 /* MessageStackViewModel.swift */; };
		547B1A8C1FF64BBF008284A9 /* MessageTypingTableViewCell.swift in Sources */ = {isa = PBXBuildFile; fileRef = 547B1A8B1FF64BBF008284A9 /* MessageTypingTableViewCell.swift */; };
		547B1A8F1FFC5457008284A9 /* MessageSocket.swift in Sources */ = {isa = PBXBuildFile; fileRef = 547B1A8E1FFC5457008284A9 /* MessageSocket.swift */; };
		5480F5ED1F953A4600453E03 /* CryptoSwift.framework in Frameworks */ = {isa = PBXBuildFile; fileRef = 5480F5EC1F953A3A00453E03 /* CryptoSwift.framework */; };
		5480F5EE1F953A4600453E03 /* CryptoSwift.framework in Embed Frameworks */ = {isa = PBXBuildFile; fileRef = 5480F5EC1F953A3A00453E03 /* CryptoSwift.framework */; settings = {ATTRIBUTES = (CodeSignOnCopy, RemoveHeadersOnCopy, ); }; };
		548A8E131F4C161900DD56C0 /* AppState.xcdatamodeld in Sources */ = {isa = PBXBuildFile; fileRef = 548A8E111F4C161900DD56C0 /* AppState.xcdatamodeld */; };
		548A8E151F4C9A8300DD56C0 /* SignInViewController.swift in Sources */ = {isa = PBXBuildFile; fileRef = 548A8E141F4C9A8300DD56C0 /* SignInViewController.swift */; };
		548A8E1B1F4CFAE400DD56C0 /* CoreDataBP.swift in Sources */ = {isa = PBXBuildFile; fileRef = 548A8E1A1F4CFAE400DD56C0 /* CoreDataBP.swift */; };
		54A013631FD7BB9400DAD606 /* Messages+CoreDataClass.swift in Sources */ = {isa = PBXBuildFile; fileRef = 54A013611FD7BB9400DAD606 /* Messages+CoreDataClass.swift */; };
		54A013641FD7BB9400DAD606 /* Messages+CoreDataProperties.swift in Sources */ = {isa = PBXBuildFile; fileRef = 54A013621FD7BB9400DAD606 /* Messages+CoreDataProperties.swift */; };
		54A05D7A1F4D74C4005B091F /* User+CoreDataClass.swift in Sources */ = {isa = PBXBuildFile; fileRef = 54A05D781F4D74C4005B091F /* User+CoreDataClass.swift */; };
		54A05D7B1F4D74C4005B091F /* User+CoreDataProperties.swift in Sources */ = {isa = PBXBuildFile; fileRef = 54A05D791F4D74C4005B091F /* User+CoreDataProperties.swift */; };
		54A27A221F69E1E800DC0ACA /* ImagePicker.framework in Frameworks */ = {isa = PBXBuildFile; fileRef = 54A27A211F69E1E800DC0ACA /* ImagePicker.framework */; };
		54A27A231F69E1E800DC0ACA /* ImagePicker.framework in Embed Frameworks */ = {isa = PBXBuildFile; fileRef = 54A27A211F69E1E800DC0ACA /* ImagePicker.framework */; settings = {ATTRIBUTES = (CodeSignOnCopy, RemoveHeadersOnCopy, ); }; };
		54A27A251F6A02BA00DC0ACA /* RSKImageCropper.framework in Frameworks */ = {isa = PBXBuildFile; fileRef = 54A27A241F6A02BA00DC0ACA /* RSKImageCropper.framework */; };
		54A27A261F6A02BA00DC0ACA /* RSKImageCropper.framework in Embed Frameworks */ = {isa = PBXBuildFile; fileRef = 54A27A241F6A02BA00DC0ACA /* RSKImageCropper.framework */; settings = {ATTRIBUTES = (CodeSignOnCopy, RemoveHeadersOnCopy, ); }; };
		54B917841F71E11100D39504 /* AWSS3.framework in Frameworks */ = {isa = PBXBuildFile; fileRef = 54B917831F71E11000D39504 /* AWSS3.framework */; };
		54B917851F71E11100D39504 /* AWSS3.framework in Embed Frameworks */ = {isa = PBXBuildFile; fileRef = 54B917831F71E11000D39504 /* AWSS3.framework */; settings = {ATTRIBUTES = (CodeSignOnCopy, RemoveHeadersOnCopy, ); }; };
		54B917871F71E35E00D39504 /* AWSConfig.swift in Sources */ = {isa = PBXBuildFile; fileRef = 54B917861F71E35E00D39504 /* AWSConfig.swift */; };
		54B917891F71E5E100D39504 /* AWSCore.framework in Frameworks */ = {isa = PBXBuildFile; fileRef = 54B917881F71E5E100D39504 /* AWSCore.framework */; };
		54B9178A1F71E5E100D39504 /* AWSCore.framework in Embed Frameworks */ = {isa = PBXBuildFile; fileRef = 54B917881F71E5E100D39504 /* AWSCore.framework */; settings = {ATTRIBUTES = (CodeSignOnCopy, RemoveHeadersOnCopy, ); }; };
		54CE759F1FD289B900CC06A1 /* FuturaBT-Book.ttf in Resources */ = {isa = PBXBuildFile; fileRef = 54CE75991FD289B400CC06A1 /* FuturaBT-Book.ttf */; };
		54CE75A01FD289B900CC06A1 /* Brown-Light.ttf in Resources */ = {isa = PBXBuildFile; fileRef = 54CE759A1FD289B500CC06A1 /* Brown-Light.ttf */; };
		54CE75A11FD289B900CC06A1 /* Calibre-Regular.ttf in Resources */ = {isa = PBXBuildFile; fileRef = 54CE759B1FD289B600CC06A1 /* Calibre-Regular.ttf */; };
		54CE75A21FD289B900CC06A1 /* Brown-Regular.ttf in Resources */ = {isa = PBXBuildFile; fileRef = 54CE759C1FD289B700CC06A1 /* Brown-Regular.ttf */; };
		54CE75A31FD289B900CC06A1 /* SunValley.ttf in Resources */ = {isa = PBXBuildFile; fileRef = 54CE759D1FD289B700CC06A1 /* SunValley.ttf */; };
		54CE75A41FD289B900CC06A1 /* FuturaBT-Light.ttf in Resources */ = {isa = PBXBuildFile; fileRef = 54CE759E1FD289B800CC06A1 /* FuturaBT-Light.ttf */; };
		54CE75A71FD2AE1100CC06A1 /* InitialViewController.swift in Sources */ = {isa = PBXBuildFile; fileRef = 54CE75A61FD2AE1100CC06A1 /* InitialViewController.swift */; };
		54DFFDC61F8F4D4E009F31B3 /* SocketIO.framework in Frameworks */ = {isa = PBXBuildFile; fileRef = 54DFFDC51F8F4D3F009F31B3 /* SocketIO.framework */; };
		54DFFDC71F8F4D4E009F31B3 /* SocketIO.framework in Embed Frameworks */ = {isa = PBXBuildFile; fileRef = 54DFFDC51F8F4D3F009F31B3 /* SocketIO.framework */; settings = {ATTRIBUTES = (CodeSignOnCopy, RemoveHeadersOnCopy, ); }; };
		54DFFDC91F8F4EEE009F31B3 /* SocketManager.swift in Sources */ = {isa = PBXBuildFile; fileRef = 54DFFDC81F8F4EEE009F31B3 /* SocketManager.swift */; };
		54ECCA7E1FE4A07500721CF5 /* UnwindSegueFromRight.swift in Sources */ = {isa = PBXBuildFile; fileRef = 54ECCA7D1FE4A07500721CF5 /* UnwindSegueFromRight.swift */; };
		54EEB1211F57770700AA548B /* Alamofire.framework in Frameworks */ = {isa = PBXBuildFile; fileRef = 54EEB1201F57770700AA548B /* Alamofire.framework */; };
		54EEB1221F57770700AA548B /* Alamofire.framework in Embed Frameworks */ = {isa = PBXBuildFile; fileRef = 54EEB1201F57770700AA548B /* Alamofire.framework */; settings = {ATTRIBUTES = (CodeSignOnCopy, RemoveHeadersOnCopy, ); }; };
		54EEB1251F57770E00AA548B /* Lottie.framework in Frameworks */ = {isa = PBXBuildFile; fileRef = 54EEB1241F57770E00AA548B /* Lottie.framework */; };
		54EEB1261F57770E00AA548B /* Lottie.framework in Embed Frameworks */ = {isa = PBXBuildFile; fileRef = 54EEB1241F57770E00AA548B /* Lottie.framework */; settings = {ATTRIBUTES = (CodeSignOnCopy, RemoveHeadersOnCopy, ); }; };
		54EEB1281F577E2B00AA548B /* HTTP.swift in Sources */ = {isa = PBXBuildFile; fileRef = 54EEB1271F577E2B00AA548B /* HTTP.swift */; };
		54F2AA1B1FC242FC00F269E1 /* ProfileImageView.swift in Sources */ = {isa = PBXBuildFile; fileRef = 54F2AA1A1FC242FC00F269E1 /* ProfileImageView.swift */; };
		54F2AA1D1FC2F4B900F269E1 /* MessageTableViewCell.swift in Sources */ = {isa = PBXBuildFile; fileRef = 54F2AA1C1FC2F4B900F269E1 /* MessageTableViewCell.swift */; };
		54F2AA1F1FC5038100F269E1 /* BackButton.json in Resources */ = {isa = PBXBuildFile; fileRef = 54F2AA1E1FC5038000F269E1 /* BackButton.json */; };
		54FC67B81FAA5B9D00587D68 /* SegueFromRight.swift in Sources */ = {isa = PBXBuildFile; fileRef = 54FC67B71FAA5B9D00587D68 /* SegueFromRight.swift */; };
/* End PBXBuildFile section */

/* Begin PBXContainerItemProxy section */
		542364D11F6CE0B700C47CB5 /* PBXContainerItemProxy */ = {
			isa = PBXContainerItemProxy;
			containerPortal = 5454F35F1F4A5843002D9AB5 /* Project object */;
			proxyType = 1;
			remoteGlobalIDString = 5454F3661F4A5843002D9AB5;
			remoteInfo = Log;
		};
/* End PBXContainerItemProxy section */

/* Begin PBXCopyFilesBuildPhase section */
		54EEB1231F57770700AA548B /* Embed Frameworks */ = {
			isa = PBXCopyFilesBuildPhase;
			buildActionMask = 2147483647;
			dstPath = "";
			dstSubfolderSpec = 10;
			files = (
				54EEB1221F57770700AA548B /* Alamofire.framework in Embed Frameworks */,
				54A27A231F69E1E800DC0ACA /* ImagePicker.framework in Embed Frameworks */,
				54DFFDC71F8F4D4E009F31B3 /* SocketIO.framework in Embed Frameworks */,
				5480F5EE1F953A4600453E03 /* CryptoSwift.framework in Embed Frameworks */,
				54EEB1261F57770E00AA548B /* Lottie.framework in Embed Frameworks */,
				54A27A261F6A02BA00DC0ACA /* RSKImageCropper.framework in Embed Frameworks */,
				54112ADA1F90011000474045 /* Starscream.framework in Embed Frameworks */,
				54B917851F71E11100D39504 /* AWSS3.framework in Embed Frameworks */,
				54B9178A1F71E5E100D39504 /* AWSCore.framework in Embed Frameworks */,
			);
			name = "Embed Frameworks";
			runOnlyForDeploymentPostprocessing = 0;
		};
/* End PBXCopyFilesBuildPhase section */

/* Begin PBXFileReference section */
		3679425D1F9715A600B4AD91 /* UserProfileTableViewCell.swift */ = {isa = PBXFileReference; lastKnownFileType = sourcecode.swift; path = UserProfileTableViewCell.swift; sourceTree = "<group>"; };
		3679425E1F9715A600B4AD91 /* UserProfileTableViewCell.xib */ = {isa = PBXFileReference; lastKnownFileType = file.xib; path = UserProfileTableViewCell.xib; sourceTree = "<group>"; };
		36AA4CCA1F9702BF0037ED7E /* UserProfileViewController.swift */ = {isa = PBXFileReference; lastKnownFileType = sourcecode.swift; path = UserProfileViewController.swift; sourceTree = "<group>"; };
		36AA4CCB1F9702BF0037ED7E /* UserProfileViewController.xib */ = {isa = PBXFileReference; lastKnownFileType = file.xib; path = UserProfileViewController.xib; sourceTree = "<group>"; };
		54112AD81F90010400474045 /* Starscream.framework */ = {isa = PBXFileReference; lastKnownFileType = wrapper.framework; name = Starscream.framework; path = Carthage/Build/iOS/Starscream.framework; sourceTree = "<group>"; };
		541141701F72590C00CAF4CD /* credentials.json */ = {isa = PBXFileReference; lastKnownFileType = text.json; name = credentials.json; path = ../../../../.aws/credentials.json; sourceTree = "<group>"; };
		541141741F725F3A00CAF4CD /* Constants.swift */ = {isa = PBXFileReference; fileEncoding = 4; lastKnownFileType = sourcecode.swift; path = Constants.swift; sourceTree = "<group>"; };
		541141761F72638500CAF4CD /* LOGS3.swift */ = {isa = PBXFileReference; fileEncoding = 4; lastKnownFileType = sourcecode.swift; path = LOGS3.swift; sourceTree = "<group>"; };
		541141781F72FA9C00CAF4CD /* LOGFileManager.swift */ = {isa = PBXFileReference; fileEncoding = 4; lastKnownFileType = sourcecode.swift; path = LOGFileManager.swift; sourceTree = "<group>"; };
		5412F4372004B4C4004A259C /* HomeStackViewModel.swift */ = {isa = PBXFileReference; lastKnownFileType = sourcecode.swift; path = HomeStackViewModel.swift; sourceTree = "<group>"; };
		541466451FB111C6009893BE /* MessageControllerUnitTest.swift */ = {isa = PBXFileReference; lastKnownFileType = sourcecode.swift; path = MessageControllerUnitTest.swift; sourceTree = "<group>"; };
		541466491FB1183F009893BE /* UserCoreDataController.swift */ = {isa = PBXFileReference; lastKnownFileType = sourcecode.swift; path = UserCoreDataController.swift; sourceTree = "<group>"; };
		541636691F9E989B00CF4B2A /* DateConverter.swift */ = {isa = PBXFileReference; lastKnownFileType = sourcecode.swift; path = DateConverter.swift; sourceTree = "<group>"; };
		542364CC1F6CE0B700C47CB5 /* LogTests.xctest */ = {isa = PBXFileReference; explicitFileType = wrapper.cfbundle; includeInIndex = 0; path = LogTests.xctest; sourceTree = BUILT_PRODUCTS_DIR; };
		542364CE1F6CE0B700C47CB5 /* LogTests.swift */ = {isa = PBXFileReference; lastKnownFileType = sourcecode.swift; path = LogTests.swift; sourceTree = "<group>"; };
		542364D01F6CE0B700C47CB5 /* Info.plist */ = {isa = PBXFileReference; lastKnownFileType = text.plist.xml; path = Info.plist; sourceTree = "<group>"; };
		542364D61F6CE0FC00C47CB5 /* SignInController.swift */ = {isa = PBXFileReference; lastKnownFileType = sourcecode.swift; path = SignInController.swift; sourceTree = "<group>"; };
		542364DE1F6DB82E00C47CB5 /* HomeRouter.swift */ = {isa = PBXFileReference; fileEncoding = 4; lastKnownFileType = sourcecode.swift; path = HomeRouter.swift; sourceTree = "<group>"; };
		542364E21F6E755400C47CB5 /* MessageRouter.swift */ = {isa = PBXFileReference; fileEncoding = 4; lastKnownFileType = sourcecode.swift; path = MessageRouter.swift; sourceTree = "<group>"; };
		542364E81F70549F00C47CB5 /* ConvertImage.swift */ = {isa = PBXFileReference; fileEncoding = 4; lastKnownFileType = sourcecode.swift; path = ConvertImage.swift; sourceTree = "<group>"; };
		5429625E1FD008460049EE2F /* SlideInPresentationAnimator.swift */ = {isa = PBXFileReference; lastKnownFileType = sourcecode.swift; path = SlideInPresentationAnimator.swift; sourceTree = "<group>"; };
		542962641FD1D43B0049EE2F /* DismissAnimator.swift */ = {isa = PBXFileReference; lastKnownFileType = sourcecode.swift; path = DismissAnimator.swift; sourceTree = "<group>"; };
		5429626D1FD232860049EE2F /* DismissManager.swift */ = {isa = PBXFileReference; lastKnownFileType = sourcecode.swift; path = DismissManager.swift; sourceTree = "<group>"; };
		543D24181F51183C00ACDC9D /* MessageStack.swift */ = {isa = PBXFileReference; fileEncoding = 4; lastKnownFileType = sourcecode.swift; path = MessageStack.swift; sourceTree = "<group>"; };
		544EE7611F4EA01F00CD3380 /* HomeViewController.swift */ = {isa = PBXFileReference; fileEncoding = 4; lastKnownFileType = sourcecode.swift; path = HomeViewController.swift; sourceTree = "<group>"; };
		5454F3671F4A5843002D9AB5 /* Log.app */ = {isa = PBXFileReference; explicitFileType = wrapper.application; includeInIndex = 0; path = Log.app; sourceTree = BUILT_PRODUCTS_DIR; };
		5454F36A1F4A5844002D9AB5 /* AppDelegate.swift */ = {isa = PBXFileReference; lastKnownFileType = sourcecode.swift; path = AppDelegate.swift; sourceTree = "<group>"; };
		5454F36C1F4A5844002D9AB5 /* MessageViewController.swift */ = {isa = PBXFileReference; lastKnownFileType = sourcecode.swift; path = MessageViewController.swift; sourceTree = "<group>"; };
		5454F36F1F4A5844002D9AB5 /* Base */ = {isa = PBXFileReference; lastKnownFileType = file.storyboard; name = Base; path = Base.lproj/Main.storyboard; sourceTree = "<group>"; };
		5454F3711F4A5844002D9AB5 /* Assets.xcassets */ = {isa = PBXFileReference; lastKnownFileType = folder.assetcatalog; path = Assets.xcassets; sourceTree = "<group>"; };
		5454F3741F4A5844002D9AB5 /* Base */ = {isa = PBXFileReference; lastKnownFileType = file.storyboard; name = Base; path = Base.lproj/LaunchScreen.storyboard; sourceTree = "<group>"; };
		5454F3761F4A5844002D9AB5 /* Info.plist */ = {isa = PBXFileReference; lastKnownFileType = text.plist.xml; path = Info.plist; sourceTree = "<group>"; };
		5454F3801F4A5F7C002D9AB5 /* User.swift */ = {isa = PBXFileReference; fileEncoding = 4; lastKnownFileType = sourcecode.swift; path = User.swift; sourceTree = "<group>"; };
		5454F3821F4ABB4D002D9AB5 /* Message.swift */ = {isa = PBXFileReference; fileEncoding = 4; lastKnownFileType = sourcecode.swift; path = Message.swift; sourceTree = "<group>"; };
		545AE9371F7D0AF700482107 /* .swiftlint.yml */ = {isa = PBXFileReference; lastKnownFileType = text; path = .swiftlint.yml; sourceTree = "<group>"; };
		545D6CFD1FCCBC3000082E3C /* HomeTableViewCell.swift */ = {isa = PBXFileReference; lastKnownFileType = sourcecode.swift; path = HomeTableViewCell.swift; sourceTree = "<group>"; };
		545D6D011FCCEECD00082E3C /* Debouncer.swift */ = {isa = PBXFileReference; lastKnownFileType = sourcecode.swift; path = Debouncer.swift; sourceTree = "<group>"; };
		545D6D041FCE46AC00082E3C /* SlideInPresentationManager.swift */ = {isa = PBXFileReference; lastKnownFileType = sourcecode.swift; path = SlideInPresentationManager.swift; sourceTree = "<group>"; };
		545D6D061FCE9D6300082E3C /* SlideInPresentationController.swift */ = {isa = PBXFileReference; lastKnownFileType = sourcecode.swift; path = SlideInPresentationController.swift; sourceTree = "<group>"; };
		547B1A851FF3E50D008284A9 /* MessageTableView.swift */ = {isa = PBXFileReference; lastKnownFileType = sourcecode.swift; path = MessageTableView.swift; sourceTree = "<group>"; };
		547B1A891FF6415F008284A9 /* MessageStackViewModel.swift */ = {isa = PBXFileReference; lastKnownFileType = sourcecode.swift; path = MessageStackViewModel.swift; sourceTree = "<group>"; };
		547B1A8B1FF64BBF008284A9 /* MessageTypingTableViewCell.swift */ = {isa = PBXFileReference; lastKnownFileType = sourcecode.swift; path = MessageTypingTableViewCell.swift; sourceTree = "<group>"; };
		547B1A8E1FFC5457008284A9 /* MessageSocket.swift */ = {isa = PBXFileReference; lastKnownFileType = sourcecode.swift; path = MessageSocket.swift; sourceTree = "<group>"; };
		5480F5EC1F953A3A00453E03 /* CryptoSwift.framework */ = {isa = PBXFileReference; lastKnownFileType = wrapper.framework; name = CryptoSwift.framework; path = Carthage/Build/iOS/CryptoSwift.framework; sourceTree = "<group>"; };
		548A8E121F4C161900DD56C0 /* AppState.xcdatamodel */ = {isa = PBXFileReference; lastKnownFileType = wrapper.xcdatamodel; path = AppState.xcdatamodel; sourceTree = "<group>"; };
		548A8E141F4C9A8300DD56C0 /* SignInViewController.swift */ = {isa = PBXFileReference; fileEncoding = 4; lastKnownFileType = sourcecode.swift; path = SignInViewController.swift; sourceTree = "<group>"; };
		548A8E1A1F4CFAE400DD56C0 /* CoreDataBP.swift */ = {isa = PBXFileReference; fileEncoding = 4; lastKnownFileType = sourcecode.swift; path = CoreDataBP.swift; sourceTree = "<group>"; };
		54A013611FD7BB9400DAD606 /* Messages+CoreDataClass.swift */ = {isa = PBXFileReference; lastKnownFileType = sourcecode.swift; path = "Messages+CoreDataClass.swift"; sourceTree = "<group>"; };
		54A013621FD7BB9400DAD606 /* Messages+CoreDataProperties.swift */ = {isa = PBXFileReference; lastKnownFileType = sourcecode.swift; path = "Messages+CoreDataProperties.swift"; sourceTree = "<group>"; };
		54A05D781F4D74C4005B091F /* User+CoreDataClass.swift */ = {isa = PBXFileReference; fileEncoding = 4; lastKnownFileType = sourcecode.swift; path = "User+CoreDataClass.swift"; sourceTree = "<group>"; };
		54A05D791F4D74C4005B091F /* User+CoreDataProperties.swift */ = {isa = PBXFileReference; fileEncoding = 4; lastKnownFileType = sourcecode.swift; path = "User+CoreDataProperties.swift"; sourceTree = "<group>"; };
		54A27A211F69E1E800DC0ACA /* ImagePicker.framework */ = {isa = PBXFileReference; lastKnownFileType = wrapper.framework; name = ImagePicker.framework; path = Carthage/Build/iOS/ImagePicker.framework; sourceTree = "<group>"; };
		54A27A241F6A02BA00DC0ACA /* RSKImageCropper.framework */ = {isa = PBXFileReference; lastKnownFileType = wrapper.framework; name = RSKImageCropper.framework; path = Carthage/Build/iOS/RSKImageCropper.framework; sourceTree = "<group>"; };
		54A27A271F6A031700DC0ACA /* Log-Bridging-Header.h */ = {isa = PBXFileReference; lastKnownFileType = sourcecode.c.h; path = "Log-Bridging-Header.h"; sourceTree = "<group>"; };
		54B917831F71E11000D39504 /* AWSS3.framework */ = {isa = PBXFileReference; lastKnownFileType = wrapper.framework; name = AWSS3.framework; path = Carthage/Build/iOS/AWSS3.framework; sourceTree = "<group>"; };
		54B917861F71E35E00D39504 /* AWSConfig.swift */ = {isa = PBXFileReference; fileEncoding = 4; lastKnownFileType = sourcecode.swift; path = AWSConfig.swift; sourceTree = "<group>"; };
		54B917881F71E5E100D39504 /* AWSCore.framework */ = {isa = PBXFileReference; lastKnownFileType = wrapper.framework; name = AWSCore.framework; path = Carthage/Build/iOS/AWSCore.framework; sourceTree = "<group>"; };
		54CE75991FD289B400CC06A1 /* FuturaBT-Book.ttf */ = {isa = PBXFileReference; lastKnownFileType = file; name = "FuturaBT-Book.ttf"; path = "../../../../Downloads/FuturaBT-Book.ttf"; sourceTree = "<group>"; };
		54CE759A1FD289B500CC06A1 /* Brown-Light.ttf */ = {isa = PBXFileReference; lastKnownFileType = file; name = "Brown-Light.ttf"; path = "../../../../Downloads/Brown-Light.ttf"; sourceTree = "<group>"; };
		54CE759B1FD289B600CC06A1 /* Calibre-Regular.ttf */ = {isa = PBXFileReference; lastKnownFileType = file; name = "Calibre-Regular.ttf"; path = "../../../../Downloads/Calibre-Regular.ttf"; sourceTree = "<group>"; };
		54CE759C1FD289B700CC06A1 /* Brown-Regular.ttf */ = {isa = PBXFileReference; lastKnownFileType = file; name = "Brown-Regular.ttf"; path = "../../../../Downloads/Brown-Regular.ttf"; sourceTree = "<group>"; };
		54CE759D1FD289B700CC06A1 /* SunValley.ttf */ = {isa = PBXFileReference; lastKnownFileType = file; name = SunValley.ttf; path = ../../../../Downloads/SunValley.ttf; sourceTree = "<group>"; };
		54CE759E1FD289B800CC06A1 /* FuturaBT-Light.ttf */ = {isa = PBXFileReference; lastKnownFileType = file; name = "FuturaBT-Light.ttf"; path = "../../../../Downloads/FuturaBT-Light.ttf"; sourceTree = "<group>"; };
		54CE75A61FD2AE1100CC06A1 /* InitialViewController.swift */ = {isa = PBXFileReference; lastKnownFileType = sourcecode.swift; path = InitialViewController.swift; sourceTree = "<group>"; };
		54DFFDC51F8F4D3F009F31B3 /* SocketIO.framework */ = {isa = PBXFileReference; lastKnownFileType = wrapper.framework; name = SocketIO.framework; path = Carthage/Build/iOS/SocketIO.framework; sourceTree = "<group>"; };
		54DFFDC81F8F4EEE009F31B3 /* SocketManager.swift */ = {isa = PBXFileReference; lastKnownFileType = sourcecode.swift; path = SocketManager.swift; sourceTree = "<group>"; };
		54ECCA7D1FE4A07500721CF5 /* UnwindSegueFromRight.swift */ = {isa = PBXFileReference; lastKnownFileType = sourcecode.swift; path = UnwindSegueFromRight.swift; sourceTree = "<group>"; };
		54EEB1201F57770700AA548B /* Alamofire.framework */ = {isa = PBXFileReference; lastKnownFileType = wrapper.framework; name = Alamofire.framework; path = Carthage/Build/iOS/Alamofire.framework; sourceTree = "<group>"; };
		54EEB1241F57770E00AA548B /* Lottie.framework */ = {isa = PBXFileReference; lastKnownFileType = wrapper.framework; name = Lottie.framework; path = Carthage/Build/iOS/Lottie.framework; sourceTree = "<group>"; };
		54EEB1271F577E2B00AA548B /* HTTP.swift */ = {isa = PBXFileReference; fileEncoding = 4; lastKnownFileType = sourcecode.swift; path = HTTP.swift; sourceTree = "<group>"; };
		54F2AA1A1FC242FC00F269E1 /* ProfileImageView.swift */ = {isa = PBXFileReference; lastKnownFileType = sourcecode.swift; path = ProfileImageView.swift; sourceTree = "<group>"; };
		54F2AA1C1FC2F4B900F269E1 /* MessageTableViewCell.swift */ = {isa = PBXFileReference; lastKnownFileType = sourcecode.swift; path = MessageTableViewCell.swift; sourceTree = "<group>"; };
		54F2AA1E1FC5038000F269E1 /* BackButton.json */ = {isa = PBXFileReference; fileEncoding = 4; lastKnownFileType = text.json; name = BackButton.json; path = "../../../../Documents/Adobe/After Effects Animations/BackButton/BackButton.json"; sourceTree = "<group>"; };
		54FC67B71FAA5B9D00587D68 /* SegueFromRight.swift */ = {isa = PBXFileReference; lastKnownFileType = sourcecode.swift; path = SegueFromRight.swift; sourceTree = "<group>"; };
/* End PBXFileReference section */

/* Begin PBXFrameworksBuildPhase section */
		542364C91F6CE0B700C47CB5 /* Frameworks */ = {
			isa = PBXFrameworksBuildPhase;
			buildActionMask = 2147483647;
			files = (
				542364D81F6CE13200C47CB5 /* Alamofire.framework in Frameworks */,
				542364DA1F6CE13200C47CB5 /* Lottie.framework in Frameworks */,
				542364DB1F6CE13200C47CB5 /* RSKImageCropper.framework in Frameworks */,
			);
			runOnlyForDeploymentPostprocessing = 0;
		};
		5454F3641F4A5843002D9AB5 /* Frameworks */ = {
			isa = PBXFrameworksBuildPhase;
			buildActionMask = 2147483647;
			files = (
				54EEB1211F57770700AA548B /* Alamofire.framework in Frameworks */,
				54A27A221F69E1E800DC0ACA /* ImagePicker.framework in Frameworks */,
				54DFFDC61F8F4D4E009F31B3 /* SocketIO.framework in Frameworks */,
				5480F5ED1F953A4600453E03 /* CryptoSwift.framework in Frameworks */,
				54EEB1251F57770E00AA548B /* Lottie.framework in Frameworks */,
				54A27A251F6A02BA00DC0ACA /* RSKImageCropper.framework in Frameworks */,
				54112AD91F90011000474045 /* Starscream.framework in Frameworks */,
				54B917841F71E11100D39504 /* AWSS3.framework in Frameworks */,
				54B917891F71E5E100D39504 /* AWSCore.framework in Frameworks */,
			);
			runOnlyForDeploymentPostprocessing = 0;
		};
/* End PBXFrameworksBuildPhase section */

/* Begin PBXGroup section */
		541141721F725EE200CAF4CD /* AWS */ = {
			isa = PBXGroup;
			children = (
				54B917861F71E35E00D39504 /* AWSConfig.swift */,
				541141701F72590C00CAF4CD /* credentials.json */,
				541141761F72638500CAF4CD /* LOGS3.swift */,
			);
			name = AWS;
			sourceTree = "<group>";
		};
		5412F42F20035ADF004A259C /* Features */ = {
			isa = PBXGroup;
			children = (
				5412F43020035B06004A259C /* Sign In */,
				547B1A821FF3E131008284A9 /* Home */,
				547B1A811FF3E116008284A9 /* Messages */,
			);
			name = Features;
			sourceTree = "<group>";
		};
		5412F43020035B06004A259C /* Sign In */ = {
			isa = PBXGroup;
			children = (
				542364D61F6CE0FC00C47CB5 /* SignInController.swift */,
			);
			name = "Sign In";
			sourceTree = "<group>";
		};
		5412F43120035B2C004A259C /* API */ = {
			isa = PBXGroup;
			children = (
				5412F43220035B5E004A259C /* SocketIO */,
				54EA72781F7789D9005D8F5F /* HTTP */,
				541141721F725EE200CAF4CD /* AWS */,
			);
			name = API;
			sourceTree = "<group>";
		};
		5412F43220035B5E004A259C /* SocketIO */ = {
			isa = PBXGroup;
			children = (
				54DFFDC81F8F4EEE009F31B3 /* SocketManager.swift */,
			);
			path = SocketIO;
			sourceTree = "<group>";
		};
		5412F43320035B8B004A259C /* ViewController */ = {
			isa = PBXGroup;
			children = (
				544EE7611F4EA01F00CD3380 /* HomeViewController.swift */,
			);
			name = ViewController;
			sourceTree = "<group>";
		};
		5412F43420035B93004A259C /* Views */ = {
			isa = PBXGroup;
			children = (
				545D6CFD1FCCBC3000082E3C /* HomeTableViewCell.swift */,
			);
			name = Views;
			sourceTree = "<group>";
		};
		5412F43520035B99004A259C /* ViewModels */ = {
			isa = PBXGroup;
			children = (
				5412F4372004B4C4004A259C /* HomeStackViewModel.swift */,
			);
			name = ViewModels;
			sourceTree = "<group>";
		};
		5412F43620035BAB004A259C /* API */ = {
			isa = PBXGroup;
			children = (
				542364DE1F6DB82E00C47CB5 /* HomeRouter.swift */,
			);
			name = API;
			sourceTree = "<group>";
		};
		541466441FB10EA5009893BE /* Unit Tests */ = {
			isa = PBXGroup;
			children = (
				541466451FB111C6009893BE /* MessageControllerUnitTest.swift */,
			);
			path = "Unit Tests";
			sourceTree = "<group>";
		};
		541466481FB11698009893BE /* User */ = {
			isa = PBXGroup;
			children = (
				54A05D781F4D74C4005B091F /* User+CoreDataClass.swift */,
				54A05D791F4D74C4005B091F /* User+CoreDataProperties.swift */,
				541466491FB1183F009893BE /* UserCoreDataController.swift */,
			);
			name = User;
			sourceTree = "<group>";
		};
		542364CD1F6CE0B700C47CB5 /* LogTests */ = {
			isa = PBXGroup;
			children = (
				541466441FB10EA5009893BE /* Unit Tests */,
				542364CE1F6CE0B700C47CB5 /* LogTests.swift */,
				542364D01F6CE0B700C47CB5 /* Info.plist */,
			);
			path = LogTests;
			sourceTree = "<group>";
		};
		542364E71F70546B00C47CB5 /* Helper */ = {
			isa = PBXGroup;
			children = (
				541141741F725F3A00CAF4CD /* Constants.swift */,
				541141781F72FA9C00CAF4CD /* LOGFileManager.swift */,
				542364E81F70549F00C47CB5 /* ConvertImage.swift */,
				541636691F9E989B00CF4B2A /* DateConverter.swift */,
				545D6D011FCCEECD00082E3C /* Debouncer.swift */,
			);
			name = Helper;
			sourceTree = "<group>";
		};
		5429625D1FD007FA0049EE2F /* Presentation */ = {
			isa = PBXGroup;
			children = (
				5429626C1FD231FA0049EE2F /* Dismiss */,
				5429626A1FD231DA0049EE2F /* SlideIn */,
			);
			name = Presentation;
			sourceTree = "<group>";
		};
		5429626A1FD231DA0049EE2F /* SlideIn */ = {
			isa = PBXGroup;
			children = (
				545D6D061FCE9D6300082E3C /* SlideInPresentationController.swift */,
				545D6D041FCE46AC00082E3C /* SlideInPresentationManager.swift */,
				5429625E1FD008460049EE2F /* SlideInPresentationAnimator.swift */,
			);
			name = SlideIn;
			sourceTree = "<group>";
		};
		5429626C1FD231FA0049EE2F /* Dismiss */ = {
			isa = PBXGroup;
			children = (
				542962641FD1D43B0049EE2F /* DismissAnimator.swift */,
				5429626D1FD232860049EE2F /* DismissManager.swift */,
			);
			name = Dismiss;
			sourceTree = "<group>";
		};
		5454F35E1F4A5843002D9AB5 = {
			isa = PBXGroup;
			children = (
				545AE9371F7D0AF700482107 /* .swiftlint.yml */,
				5454F3691F4A5843002D9AB5 /* Log */,
				542364CD1F6CE0B700C47CB5 /* LogTests */,
				5454F3681F4A5843002D9AB5 /* Products */,
				54A27A151F69DC5500DC0ACA /* Frameworks */,
			);
			sourceTree = "<group>";
		};
		5454F3681F4A5843002D9AB5 /* Products */ = {
			isa = PBXGroup;
			children = (
				5454F3671F4A5843002D9AB5 /* Log.app */,
				542364CC1F6CE0B700C47CB5 /* LogTests.xctest */,
			);
			name = Products;
			sourceTree = "<group>";
		};
		5454F3691F4A5843002D9AB5 /* Log */ = {
			isa = PBXGroup;
			children = (
				54F2AA1E1FC5038000F269E1 /* BackButton.json */,
				5454F3761F4A5844002D9AB5 /* Info.plist */,
				5454F36A1F4A5844002D9AB5 /* AppDelegate.swift */,
				5412F43120035B2C004A259C /* API */,
				548A8E101F4C156300DD56C0 /* CoreData */,
				5412F42F20035ADF004A259C /* Features */,
				542364E71F70546B00C47CB5 /* Helper */,
				5454F37D1F4A58A5002D9AB5 /* Higher Order Components UI */,
				5454F37C1F4A589F002D9AB5 /* Models */,
				54CE75971FD288EC00CC06A1 /* Resources */,
				5454F37F1F4A590D002D9AB5 /* Storyboard */,
			);
			path = Log;
			sourceTree = "<group>";
		};
		5454F37C1F4A589F002D9AB5 /* Models */ = {
			isa = PBXGroup;
			children = (
				5454F3801F4A5F7C002D9AB5 /* User.swift */,
				5454F3821F4ABB4D002D9AB5 /* Message.swift */,
				543D24181F51183C00ACDC9D /* MessageStack.swift */,
			);
			name = Models;
			sourceTree = "<group>";
		};
		5454F37D1F4A58A5002D9AB5 /* Higher Order Components UI */ = {
			isa = PBXGroup;
			children = (
				54CE75A81FD2AE2E00CC06A1 /* UIImageView */,
				54CE75A51FD2ADF800CC06A1 /* Initial */,
				5429625D1FD007FA0049EE2F /* Presentation */,
				545D6D031FCE3B7100082E3C /* User Profile */,
				545D6CFF1FCCBE7100082E3C /* Message */,
				545D6CFC1FCCBC0F00082E3C /* Home */,
				548A8E141F4C9A8300DD56C0 /* SignInViewController.swift */,
				54A27A271F6A031700DC0ACA /* Log-Bridging-Header.h */,
			);
			name = "Higher Order Components UI";
			sourceTree = "<group>";
		};
		5454F37F1F4A590D002D9AB5 /* Storyboard */ = {
			isa = PBXGroup;
			children = (
				545D6D001FCCBE8900082E3C /* Segues */,
				5454F36E1F4A5844002D9AB5 /* Main.storyboard */,
				5454F3731F4A5844002D9AB5 /* LaunchScreen.storyboard */,
			);
			name = Storyboard;
			sourceTree = "<group>";
		};
		545D6CFC1FCCBC0F00082E3C /* Home */ = {
			isa = PBXGroup;
			children = (
			);
			name = Home;
			sourceTree = "<group>";
		};
		545D6CFF1FCCBE7100082E3C /* Message */ = {
			isa = PBXGroup;
			children = (
			);
			name = Message;
			sourceTree = "<group>";
		};
		545D6D001FCCBE8900082E3C /* Segues */ = {
			isa = PBXGroup;
			children = (
				54FC67B71FAA5B9D00587D68 /* SegueFromRight.swift */,
				54ECCA7D1FE4A07500721CF5 /* UnwindSegueFromRight.swift */,
			);
			name = Segues;
			sourceTree = "<group>";
		};
		545D6D031FCE3B7100082E3C /* User Profile */ = {
			isa = PBXGroup;
			children = (
				36AA4CCA1F9702BF0037ED7E /* UserProfileViewController.swift */,
				36AA4CCB1F9702BF0037ED7E /* UserProfileViewController.xib */,
				3679425D1F9715A600B4AD91 /* UserProfileTableViewCell.swift */,
				3679425E1F9715A600B4AD91 /* UserProfileTableViewCell.xib */,
			);
			name = "User Profile";
			sourceTree = "<group>";
		};
		547B1A811FF3E116008284A9 /* Messages */ = {
			isa = PBXGroup;
			children = (
				547B1A901FFCCC81008284A9 /* API */,
				547B1A871FF3ECAB008284A9 /* ViewController */,
				547B1A841FF3E19F008284A9 /* Views */,
				547B1A831FF3E152008284A9 /* ViewModels */,
			);
			name = Messages;
			sourceTree = "<group>";
		};
		547B1A821FF3E131008284A9 /* Home */ = {
			isa = PBXGroup;
			children = (
				5412F43620035BAB004A259C /* API */,
				5412F43520035B99004A259C /* ViewModels */,
				5412F43420035B93004A259C /* Views */,
				5412F43320035B8B004A259C /* ViewController */,
			);
			name = Home;
			sourceTree = "<group>";
		};
		547B1A831FF3E152008284A9 /* ViewModels */ = {
			isa = PBXGroup;
			children = (
				547B1A891FF6415F008284A9 /* MessageStackViewModel.swift */,
			);
			name = ViewModels;
			sourceTree = "<group>";
		};
		547B1A841FF3E19F008284A9 /* Views */ = {
			isa = PBXGroup;
			children = (
				54F2AA1C1FC2F4B900F269E1 /* MessageTableViewCell.swift */,
				547B1A851FF3E50D008284A9 /* MessageTableView.swift */,
				547B1A8B1FF64BBF008284A9 /* MessageTypingTableViewCell.swift */,
			);
			name = Views;
			sourceTree = "<group>";
		};
		547B1A871FF3ECAB008284A9 /* ViewController */ = {
			isa = PBXGroup;
			children = (
				5454F36C1F4A5844002D9AB5 /* MessageViewController.swift */,
			);
			name = ViewController;
			sourceTree = "<group>";
		};
		547B1A901FFCCC81008284A9 /* API */ = {
			isa = PBXGroup;
			children = (
				542364E21F6E755400C47CB5 /* MessageRouter.swift */,
				547B1A8E1FFC5457008284A9 /* MessageSocket.swift */,
			);
			name = API;
			sourceTree = "<group>";
		};
		548A8E101F4C156300DD56C0 /* CoreData */ = {
			isa = PBXGroup;
			children = (
				54A013651FD7BBA400DAD606 /* Messages */,
				541466481FB11698009893BE /* User */,
				548A8E111F4C161900DD56C0 /* AppState.xcdatamodeld */,
				548A8E1A1F4CFAE400DD56C0 /* CoreDataBP.swift */,
			);
			name = CoreData;
			sourceTree = "<group>";
		};
		54A013651FD7BBA400DAD606 /* Messages */ = {
			isa = PBXGroup;
			children = (
				54A013611FD7BB9400DAD606 /* Messages+CoreDataClass.swift */,
				54A013621FD7BB9400DAD606 /* Messages+CoreDataProperties.swift */,
			);
			name = Messages;
			sourceTree = "<group>";
		};
		54A27A151F69DC5500DC0ACA /* Frameworks */ = {
			isa = PBXGroup;
			children = (
				5480F5EC1F953A3A00453E03 /* CryptoSwift.framework */,
				54112AD81F90010400474045 /* Starscream.framework */,
				54DFFDC51F8F4D3F009F31B3 /* SocketIO.framework */,
				54B917881F71E5E100D39504 /* AWSCore.framework */,
				54B917831F71E11000D39504 /* AWSS3.framework */,
				54A27A241F6A02BA00DC0ACA /* RSKImageCropper.framework */,
				54A27A211F69E1E800DC0ACA /* ImagePicker.framework */,
				54EEB1241F57770E00AA548B /* Lottie.framework */,
				54EEB1201F57770700AA548B /* Alamofire.framework */,
			);
			name = Frameworks;
			sourceTree = "<group>";
		};
		54CE75971FD288EC00CC06A1 /* Resources */ = {
			isa = PBXGroup;
			children = (
				54CE75981FD288FD00CC06A1 /* Fonts */,
				5454F3711F4A5844002D9AB5 /* Assets.xcassets */,
			);
			name = Resources;
			sourceTree = "<group>";
		};
		54CE75981FD288FD00CC06A1 /* Fonts */ = {
			isa = PBXGroup;
			children = (
				54CE759B1FD289B600CC06A1 /* Calibre-Regular.ttf */,
				54CE75991FD289B400CC06A1 /* FuturaBT-Book.ttf */,
				54CE759E1FD289B800CC06A1 /* FuturaBT-Light.ttf */,
				54CE759A1FD289B500CC06A1 /* Brown-Light.ttf */,
				54CE759C1FD289B700CC06A1 /* Brown-Regular.ttf */,
				54CE759D1FD289B700CC06A1 /* SunValley.ttf */,
			);
			name = Fonts;
			sourceTree = "<group>";
		};
		54CE75A51FD2ADF800CC06A1 /* Initial */ = {
			isa = PBXGroup;
			children = (
				54CE75A61FD2AE1100CC06A1 /* InitialViewController.swift */,
			);
			name = Initial;
			sourceTree = "<group>";
		};
		54CE75A81FD2AE2E00CC06A1 /* UIImageView */ = {
			isa = PBXGroup;
			children = (
				54F2AA1A1FC242FC00F269E1 /* ProfileImageView.swift */,
			);
			name = UIImageView;
			sourceTree = "<group>";
		};
		54EA72781F7789D9005D8F5F /* HTTP */ = {
			isa = PBXGroup;
			children = (
				54EEB1271F577E2B00AA548B /* HTTP.swift */,
			);
			path = HTTP;
			sourceTree = "<group>";
		};
/* End PBXGroup section */

/* Begin PBXNativeTarget section */
		542364CB1F6CE0B700C47CB5 /* LogTests */ = {
			isa = PBXNativeTarget;
			buildConfigurationList = 542364D51F6CE0B700C47CB5 /* Build configuration list for PBXNativeTarget "LogTests" */;
			buildPhases = (
				542364C81F6CE0B700C47CB5 /* Sources */,
				542364C91F6CE0B700C47CB5 /* Frameworks */,
				542364CA1F6CE0B700C47CB5 /* Resources */,
			);
			buildRules = (
			);
			dependencies = (
				542364D21F6CE0B700C47CB5 /* PBXTargetDependency */,
			);
			name = LogTests;
			productName = LogTests;
			productReference = 542364CC1F6CE0B700C47CB5 /* LogTests.xctest */;
			productType = "com.apple.product-type.bundle.unit-test";
		};
		5454F3661F4A5843002D9AB5 /* Log */ = {
			isa = PBXNativeTarget;
			buildConfigurationList = 5454F3791F4A5844002D9AB5 /* Build configuration list for PBXNativeTarget "Log" */;
			buildPhases = (
				5454F3631F4A5843002D9AB5 /* Sources */,
				5454F3641F4A5843002D9AB5 /* Frameworks */,
				5454F3651F4A5843002D9AB5 /* Resources */,
				54EEB1231F57770700AA548B /* Embed Frameworks */,
				545AE9361F7D077A00482107 /* ShellScript */,
			);
			buildRules = (
			);
			dependencies = (
			);
			name = Log;
			productName = Log;
			productReference = 5454F3671F4A5843002D9AB5 /* Log.app */;
			productType = "com.apple.product-type.application";
		};
/* End PBXNativeTarget section */

/* Begin PBXProject section */
		5454F35F1F4A5843002D9AB5 /* Project object */ = {
			isa = PBXProject;
			attributes = {
				LastSwiftUpdateCheck = 0830;
				LastUpgradeCheck = 0900;
				ORGANIZATIONNAME = "Andrei Villasana";
				TargetAttributes = {
					542364CB1F6CE0B700C47CB5 = {
						CreatedOnToolsVersion = 8.3.3;
						DevelopmentTeam = BJE27J35HP;
						LastSwiftMigration = 0900;
						ProvisioningStyle = Automatic;
						TestTargetID = 5454F3661F4A5843002D9AB5;
					};
					5454F3661F4A5843002D9AB5 = {
						CreatedOnToolsVersion = 8.3.3;
						DevelopmentTeam = BJE27J35HP;
						LastSwiftMigration = 0900;
						ProvisioningStyle = Automatic;
					};
				};
			};
			buildConfigurationList = 5454F3621F4A5843002D9AB5 /* Build configuration list for PBXProject "Log" */;
			compatibilityVersion = "Xcode 3.2";
			developmentRegion = English;
			hasScannedForEncodings = 0;
			knownRegions = (
				en,
				Base,
			);
			mainGroup = 5454F35E1F4A5843002D9AB5;
			productRefGroup = 5454F3681F4A5843002D9AB5 /* Products */;
			projectDirPath = "";
			projectRoot = "";
			targets = (
				5454F3661F4A5843002D9AB5 /* Log */,
				542364CB1F6CE0B700C47CB5 /* LogTests */,
			);
		};
/* End PBXProject section */

/* Begin PBXResourcesBuildPhase section */
		542364CA1F6CE0B700C47CB5 /* Resources */ = {
			isa = PBXResourcesBuildPhase;
			buildActionMask = 2147483647;
			files = (
			);
			runOnlyForDeploymentPostprocessing = 0;
		};
		5454F3651F4A5843002D9AB5 /* Resources */ = {
			isa = PBXResourcesBuildPhase;
			buildActionMask = 2147483647;
			files = (
				545AE9381F7D0AF700482107 /* .swiftlint.yml in Resources */,
				54CE75A11FD289B900CC06A1 /* Calibre-Regular.ttf in Resources */,
				541141711F72590C00CAF4CD /* credentials.json in Resources */,
				54CE75A21FD289B900CC06A1 /* Brown-Regular.ttf in Resources */,
				5454F3751F4A5844002D9AB5 /* LaunchScreen.storyboard in Resources */,
				54CE75A01FD289B900CC06A1 /* Brown-Light.ttf in Resources */,
				36AA4CCD1F9702BF0037ED7E /* UserProfileViewController.xib in Resources */,
				54CE75A31FD289B900CC06A1 /* SunValley.ttf in Resources */,
				54CE759F1FD289B900CC06A1 /* FuturaBT-Book.ttf in Resources */,
				54F2AA1F1FC5038100F269E1 /* BackButton.json in Resources */,
				54CE75A41FD289B900CC06A1 /* FuturaBT-Light.ttf in Resources */,
				367942601F9715A600B4AD91 /* UserProfileTableViewCell.xib in Resources */,
				5454F3721F4A5844002D9AB5 /* Assets.xcassets in Resources */,
				5454F3701F4A5844002D9AB5 /* Main.storyboard in Resources */,
			);
			runOnlyForDeploymentPostprocessing = 0;
		};
/* End PBXResourcesBuildPhase section */

/* Begin PBXShellScriptBuildPhase section */
		545AE9361F7D077A00482107 /* ShellScript */ = {
			isa = PBXShellScriptBuildPhase;
			buildActionMask = 2147483647;
			files = (
			);
			inputPaths = (
			);
			outputPaths = (
			);
			runOnlyForDeploymentPostprocessing = 0;
			shellPath = /bin/sh;
			shellScript = "if which swiftlint >/dev/null; then\nswiftlint\nelse\necho \"warning: SwiftLint not installed, download from https://github.com/realm/SwiftLint\"\nfi";
		};
/* End PBXShellScriptBuildPhase section */

/* Begin PBXSourcesBuildPhase section */
		542364C81F6CE0B700C47CB5 /* Sources */ = {
			isa = PBXSourcesBuildPhase;
			buildActionMask = 2147483647;
			files = (
				542364CF1F6CE0B700C47CB5 /* LogTests.swift in Sources */,
				541466461FB111C6009893BE /* MessageControllerUnitTest.swift in Sources */,
			);
			runOnlyForDeploymentPostprocessing = 0;
		};
		5454F3631F4A5843002D9AB5 /* Sources */ = {
			isa = PBXSourcesBuildPhase;
			buildActionMask = 2147483647;
			files = (
				542364D71F6CE0FC00C47CB5 /* SignInController.swift in Sources */,
				545D6D021FCCEECD00082E3C /* Debouncer.swift in Sources */,
				5429626E1FD232860049EE2F /* DismissManager.swift in Sources */,
				54A013631FD7BB9400DAD606 /* Messages+CoreDataClass.swift in Sources */,
				547B1A8A1FF6415F008284A9 /* MessageStackViewModel.swift in Sources */,
				542364E91F70549F00C47CB5 /* ConvertImage.swift in Sources */,
				548A8E151F4C9A8300DD56C0 /* SignInViewController.swift in Sources */,
				3679425F1F9715A600B4AD91 /* UserProfileTableViewCell.swift in Sources */,
				36AA4CCC1F9702BF0037ED7E /* UserProfileViewController.swift in Sources */,
				54A013641FD7BB9400DAD606 /* Messages+CoreDataProperties.swift in Sources */,
				542962651FD1D43B0049EE2F /* DismissAnimator.swift in Sources */,
				543D24191F51183C00ACDC9D /* MessageStack.swift in Sources */,
				545D6CFE1FCCBC3000082E3C /* HomeTableViewCell.swift in Sources */,
				542364E31F6E755400C47CB5 /* MessageRouter.swift in Sources */,
				545D6D071FCE9D6300082E3C /* SlideInPresentationController.swift in Sources */,
				54DFFDC91F8F4EEE009F31B3 /* SocketManager.swift in Sources */,
				54B917871F71E35E00D39504 /* AWSConfig.swift in Sources */,
				548A8E1B1F4CFAE400DD56C0 /* CoreDataBP.swift in Sources */,
				547B1A861FF3E50D008284A9 /* MessageTableView.swift in Sources */,
				541141791F72FA9C00CAF4CD /* LOGFileManager.swift in Sources */,
				5454F36D1F4A5844002D9AB5 /* MessageViewController.swift in Sources */,
				548A8E131F4C161900DD56C0 /* AppState.xcdatamodeld in Sources */,
				5416366A1F9E989B00CF4B2A /* DateConverter.swift in Sources */,
				5412F4382004B4C4004A259C /* HomeStackViewModel.swift in Sources */,
				54A05D7A1F4D74C4005B091F /* User+CoreDataClass.swift in Sources */,
				54EEB1281F577E2B00AA548B /* HTTP.swift in Sources */,
				5454F3831F4ABB4D002D9AB5 /* Message.swift in Sources */,
				547B1A8C1FF64BBF008284A9 /* MessageTypingTableViewCell.swift in Sources */,
				5429625F1FD008460049EE2F /* SlideInPresentationAnimator.swift in Sources */,
				545D6D051FCE46AC00082E3C /* SlideInPresentationManager.swift in Sources */,
				544EE7621F4EA01F00CD3380 /* HomeViewController.swift in Sources */,
				541141771F72638500CAF4CD /* LOGS3.swift in Sources */,
				5454F36B1F4A5844002D9AB5 /* AppDelegate.swift in Sources */,
				54CE75A71FD2AE1100CC06A1 /* InitialViewController.swift in Sources */,
				547B1A8F1FFC5457008284A9 /* MessageSocket.swift in Sources */,
				54F2AA1B1FC242FC00F269E1 /* ProfileImageView.swift in Sources */,
				54F2AA1D1FC2F4B900F269E1 /* MessageTableViewCell.swift in Sources */,
				54A05D7B1F4D74C4005B091F /* User+CoreDataProperties.swift in Sources */,
				5414664A1FB1183F009893BE /* UserCoreDataController.swift in Sources */,
				5454F3811F4A5F7C002D9AB5 /* User.swift in Sources */,
				542364DF1F6DB82E00C47CB5 /* HomeRouter.swift in Sources */,
				541141751F725F3A00CAF4CD /* Constants.swift in Sources */,
				54ECCA7E1FE4A07500721CF5 /* UnwindSegueFromRight.swift in Sources */,
				54FC67B81FAA5B9D00587D68 /* SegueFromRight.swift in Sources */,
			);
			runOnlyForDeploymentPostprocessing = 0;
		};
/* End PBXSourcesBuildPhase section */

/* Begin PBXTargetDependency section */
		542364D21F6CE0B700C47CB5 /* PBXTargetDependency */ = {
			isa = PBXTargetDependency;
			target = 5454F3661F4A5843002D9AB5 /* Log */;
			targetProxy = 542364D11F6CE0B700C47CB5 /* PBXContainerItemProxy */;
		};
/* End PBXTargetDependency section */

/* Begin PBXVariantGroup section */
		5454F36E1F4A5844002D9AB5 /* Main.storyboard */ = {
			isa = PBXVariantGroup;
			children = (
				5454F36F1F4A5844002D9AB5 /* Base */,
			);
			name = Main.storyboard;
			sourceTree = "<group>";
		};
		5454F3731F4A5844002D9AB5 /* LaunchScreen.storyboard */ = {
			isa = PBXVariantGroup;
			children = (
				5454F3741F4A5844002D9AB5 /* Base */,
			);
			name = LaunchScreen.storyboard;
			sourceTree = "<group>";
		};
/* End PBXVariantGroup section */

/* Begin XCBuildConfiguration section */
		542364D31F6CE0B700C47CB5 /* Debug */ = {
			isa = XCBuildConfiguration;
			buildSettings = {
				BUNDLE_LOADER = "$(TEST_HOST)";
				DEVELOPMENT_TEAM = BJE27J35HP;
				FRAMEWORK_SEARCH_PATHS = (
					"$(inherited)",
					"$(PROJECT_DIR)/Carthage/Build/iOS",
				);
				INFOPLIST_FILE = LogTests/Info.plist;
				LD_RUNPATH_SEARCH_PATHS = "$(inherited) @executable_path/Frameworks @loader_path/Frameworks";
				PRODUCT_BUNDLE_IDENTIFIER = com.colourhood.LogTests;
				PRODUCT_NAME = "$(TARGET_NAME)";
				SWIFT_SWIFT3_OBJC_INFERENCE = On;
				SWIFT_VERSION = 4.0;
				TEST_HOST = "$(BUILT_PRODUCTS_DIR)/Log.app/Log";
			};
			name = Debug;
		};
		542364D41F6CE0B700C47CB5 /* Release */ = {
			isa = XCBuildConfiguration;
			buildSettings = {
				BUNDLE_LOADER = "$(TEST_HOST)";
				DEVELOPMENT_TEAM = BJE27J35HP;
				FRAMEWORK_SEARCH_PATHS = (
					"$(inherited)",
					"$(PROJECT_DIR)/Carthage/Build/iOS",
				);
				INFOPLIST_FILE = LogTests/Info.plist;
				LD_RUNPATH_SEARCH_PATHS = "$(inherited) @executable_path/Frameworks @loader_path/Frameworks";
				PRODUCT_BUNDLE_IDENTIFIER = com.colourhood.LogTests;
				PRODUCT_NAME = "$(TARGET_NAME)";
				SWIFT_SWIFT3_OBJC_INFERENCE = On;
				SWIFT_VERSION = 4.0;
				TEST_HOST = "$(BUILT_PRODUCTS_DIR)/Log.app/Log";
			};
			name = Release;
		};
		5454F3771F4A5844002D9AB5 /* Debug */ = {
			isa = XCBuildConfiguration;
			buildSettings = {
				ALWAYS_SEARCH_USER_PATHS = NO;
				CLANG_ANALYZER_NONNULL = YES;
				CLANG_ANALYZER_NUMBER_OBJECT_CONVERSION = YES_AGGRESSIVE;
				CLANG_CXX_LANGUAGE_STANDARD = "gnu++0x";
				CLANG_CXX_LIBRARY = "libc++";
				CLANG_ENABLE_MODULES = YES;
				CLANG_ENABLE_OBJC_ARC = YES;
				CLANG_WARN_BLOCK_CAPTURE_AUTORELEASING = YES;
				CLANG_WARN_BOOL_CONVERSION = YES;
				CLANG_WARN_COMMA = YES;
				CLANG_WARN_CONSTANT_CONVERSION = YES;
				CLANG_WARN_DIRECT_OBJC_ISA_USAGE = YES_ERROR;
				CLANG_WARN_DOCUMENTATION_COMMENTS = YES;
				CLANG_WARN_EMPTY_BODY = YES;
				CLANG_WARN_ENUM_CONVERSION = YES;
				CLANG_WARN_INFINITE_RECURSION = YES;
				CLANG_WARN_INT_CONVERSION = YES;
				CLANG_WARN_NON_LITERAL_NULL_CONVERSION = YES;
				CLANG_WARN_OBJC_LITERAL_CONVERSION = YES;
				CLANG_WARN_OBJC_ROOT_CLASS = YES_ERROR;
				CLANG_WARN_RANGE_LOOP_ANALYSIS = YES;
				CLANG_WARN_STRICT_PROTOTYPES = YES;
				CLANG_WARN_SUSPICIOUS_MOVE = YES;
				CLANG_WARN_UNREACHABLE_CODE = YES;
				CLANG_WARN__DUPLICATE_METHOD_MATCH = YES;
				"CODE_SIGN_IDENTITY[sdk=iphoneos*]" = "iPhone Developer";
				COPY_PHASE_STRIP = NO;
				DEBUG_INFORMATION_FORMAT = dwarf;
				ENABLE_STRICT_OBJC_MSGSEND = YES;
				ENABLE_TESTABILITY = YES;
				GCC_C_LANGUAGE_STANDARD = gnu99;
				GCC_DYNAMIC_NO_PIC = NO;
				GCC_NO_COMMON_BLOCKS = YES;
				GCC_OPTIMIZATION_LEVEL = 0;
				GCC_PREPROCESSOR_DEFINITIONS = (
					"DEBUG=1",
					"$(inherited)",
				);
				GCC_WARN_64_TO_32_BIT_CONVERSION = YES;
				GCC_WARN_ABOUT_RETURN_TYPE = YES_ERROR;
				GCC_WARN_UNDECLARED_SELECTOR = YES;
				GCC_WARN_UNINITIALIZED_AUTOS = YES_AGGRESSIVE;
				GCC_WARN_UNUSED_FUNCTION = YES;
				GCC_WARN_UNUSED_VARIABLE = YES;
				IPHONEOS_DEPLOYMENT_TARGET = 10.0;
				MTL_ENABLE_DEBUG_INFO = YES;
				ONLY_ACTIVE_ARCH = YES;
				SDKROOT = iphoneos;
				SWIFT_ACTIVE_COMPILATION_CONDITIONS = DEBUG;
				SWIFT_OPTIMIZATION_LEVEL = "-Onone";
			};
			name = Debug;
		};
		5454F3781F4A5844002D9AB5 /* Release */ = {
			isa = XCBuildConfiguration;
			buildSettings = {
				ALWAYS_SEARCH_USER_PATHS = NO;
				CLANG_ANALYZER_NONNULL = YES;
				CLANG_ANALYZER_NUMBER_OBJECT_CONVERSION = YES_AGGRESSIVE;
				CLANG_CXX_LANGUAGE_STANDARD = "gnu++0x";
				CLANG_CXX_LIBRARY = "libc++";
				CLANG_ENABLE_MODULES = YES;
				CLANG_ENABLE_OBJC_ARC = YES;
				CLANG_WARN_BLOCK_CAPTURE_AUTORELEASING = YES;
				CLANG_WARN_BOOL_CONVERSION = YES;
				CLANG_WARN_COMMA = YES;
				CLANG_WARN_CONSTANT_CONVERSION = YES;
				CLANG_WARN_DIRECT_OBJC_ISA_USAGE = YES_ERROR;
				CLANG_WARN_DOCUMENTATION_COMMENTS = YES;
				CLANG_WARN_EMPTY_BODY = YES;
				CLANG_WARN_ENUM_CONVERSION = YES;
				CLANG_WARN_INFINITE_RECURSION = YES;
				CLANG_WARN_INT_CONVERSION = YES;
				CLANG_WARN_NON_LITERAL_NULL_CONVERSION = YES;
				CLANG_WARN_OBJC_LITERAL_CONVERSION = YES;
				CLANG_WARN_OBJC_ROOT_CLASS = YES_ERROR;
				CLANG_WARN_RANGE_LOOP_ANALYSIS = YES;
				CLANG_WARN_STRICT_PROTOTYPES = YES;
				CLANG_WARN_SUSPICIOUS_MOVE = YES;
				CLANG_WARN_UNREACHABLE_CODE = YES;
				CLANG_WARN__DUPLICATE_METHOD_MATCH = YES;
				"CODE_SIGN_IDENTITY[sdk=iphoneos*]" = "iPhone Developer";
				COPY_PHASE_STRIP = NO;
				DEBUG_INFORMATION_FORMAT = "dwarf-with-dsym";
				ENABLE_NS_ASSERTIONS = NO;
				ENABLE_STRICT_OBJC_MSGSEND = YES;
				GCC_C_LANGUAGE_STANDARD = gnu99;
				GCC_NO_COMMON_BLOCKS = YES;
				GCC_WARN_64_TO_32_BIT_CONVERSION = YES;
				GCC_WARN_ABOUT_RETURN_TYPE = YES_ERROR;
				GCC_WARN_UNDECLARED_SELECTOR = YES;
				GCC_WARN_UNINITIALIZED_AUTOS = YES_AGGRESSIVE;
				GCC_WARN_UNUSED_FUNCTION = YES;
				GCC_WARN_UNUSED_VARIABLE = YES;
				IPHONEOS_DEPLOYMENT_TARGET = 10.0;
				MTL_ENABLE_DEBUG_INFO = NO;
				SDKROOT = iphoneos;
				SWIFT_OPTIMIZATION_LEVEL = "-Owholemodule";
				VALIDATE_PRODUCT = YES;
			};
			name = Release;
		};
		5454F37A1F4A5844002D9AB5 /* Debug */ = {
			isa = XCBuildConfiguration;
			buildSettings = {
				ASSETCATALOG_COMPILER_APPICON_NAME = AppIcon;
				CLANG_ENABLE_MODULES = YES;
				DEVELOPMENT_TEAM = BJE27J35HP;
				FRAMEWORK_SEARCH_PATHS = (
					"$(inherited)",
					"$(PROJECT_DIR)/Carthage/Build/iOS",
				);
				GCC_OPTIMIZATION_LEVEL = fast;
				INFOPLIST_FILE = Log/Info.plist;
				IPHONEOS_DEPLOYMENT_TARGET = 10.0;
				LD_RUNPATH_SEARCH_PATHS = "$(inherited) @executable_path/Frameworks";
				OTHER_SWIFT_FLAGS = "-Onone";
				PRODUCT_BUNDLE_IDENTIFIER = com.colourhood.Log;
				PRODUCT_NAME = "$(TARGET_NAME)";
				SWIFT_OBJC_BRIDGING_HEADER = "Log/Log-Bridging-Header.h";
				SWIFT_OPTIMIZATION_LEVEL = "-Owholemodule";
				SWIFT_SWIFT3_OBJC_INFERENCE = Off;
				SWIFT_VERSION = 4.0;
			};
			name = Debug;
		};
		5454F37B1F4A5844002D9AB5 /* Release */ = {
			isa = XCBuildConfiguration;
			buildSettings = {
				ASSETCATALOG_COMPILER_APPICON_NAME = AppIcon;
				CLANG_ENABLE_MODULES = YES;
				DEVELOPMENT_TEAM = BJE27J35HP;
				FRAMEWORK_SEARCH_PATHS = (
					"$(inherited)",
					"$(PROJECT_DIR)/Carthage/Build/iOS",
				);
				INFOPLIST_FILE = Log/Info.plist;
				IPHONEOS_DEPLOYMENT_TARGET = 10.0;
				LD_RUNPATH_SEARCH_PATHS = "$(inherited) @executable_path/Frameworks";
				OTHER_SWIFT_FLAGS = "";
				PRODUCT_BUNDLE_IDENTIFIER = com.colourhood.Log;
				PRODUCT_NAME = "$(TARGET_NAME)";
				SWIFT_OBJC_BRIDGING_HEADER = "Log/Log-Bridging-Header.h";
				SWIFT_OPTIMIZATION_LEVEL = "-Owholemodule";
				SWIFT_SWIFT3_OBJC_INFERENCE = Off;
				SWIFT_VERSION = 4.0;
			};
			name = Release;
		};
/* End XCBuildConfiguration section */

/* Begin XCConfigurationList section */
		542364D51F6CE0B700C47CB5 /* Build configuration list for PBXNativeTarget "LogTests" */ = {
			isa = XCConfigurationList;
			buildConfigurations = (
				542364D31F6CE0B700C47CB5 /* Debug */,
				542364D41F6CE0B700C47CB5 /* Release */,
			);
			defaultConfigurationIsVisible = 0;
			defaultConfigurationName = Release;
		};
		5454F3621F4A5843002D9AB5 /* Build configuration list for PBXProject "Log" */ = {
			isa = XCConfigurationList;
			buildConfigurations = (
				5454F3771F4A5844002D9AB5 /* Debug */,
				5454F3781F4A5844002D9AB5 /* Release */,
			);
			defaultConfigurationIsVisible = 0;
			defaultConfigurationName = Release;
		};
		5454F3791F4A5844002D9AB5 /* Build configuration list for PBXNativeTarget "Log" */ = {
			isa = XCConfigurationList;
			buildConfigurations = (
				5454F37A1F4A5844002D9AB5 /* Debug */,
				5454F37B1F4A5844002D9AB5 /* Release */,
			);
			defaultConfigurationIsVisible = 0;
			defaultConfigurationName = Release;
		};
/* End XCConfigurationList section */

/* Begin XCVersionGroup section */
		548A8E111F4C161900DD56C0 /* AppState.xcdatamodeld */ = {
			isa = XCVersionGroup;
			children = (
				548A8E121F4C161900DD56C0 /* AppState.xcdatamodel */,
			);
			currentVersion = 548A8E121F4C161900DD56C0 /* AppState.xcdatamodel */;
			path = AppState.xcdatamodeld;
			sourceTree = "<group>";
			versionGroupType = wrapper.xcdatamodel;
		};
/* End XCVersionGroup section */
	};
	rootObject = 5454F35F1F4A5843002D9AB5 /* Project object */;
}
